// !$*UTF8*$!
{
	archiveVersion = 1;
	classes = {
	};
	objectVersion = 56;
	objects = {

/* Begin PBXBuildFile section */
		3EFC6DFE2FEFE482002FBB9B /* SplashScreen.swift in Sources */ = {isa = PBXBuildFile; fileRef = 3EFC6DFD2FEFE482002FBB9B /* SplashScreen.swift */; };
		3EFC6E012FEFEB5F002FBB9B /* drape_icon.png in Resources */ = {isa = PBXBuildFile; fileRef = 3EFC6DFF2FEFEB5E002FBB9B /* drape_icon.png */; };
		3EFC6E022FEFEB5F002FBB9B /* onboarding.png in Resources */ = {isa = PBXBuildFile; fileRef = 3EFC6E002FEFEB5E002FBB9B /* onboarding.png */; };
		3EFC6E052FEFEF1B002FBB9B /* OnBoardingScreen.swift in Sources */ = {isa = PBXBuildFile; fileRef = 3EFC6E042FEFEF1B002FBB9B /* OnBoardingScreen.swift */; };
		4133DE512FF3ACF200291657 /* SliderFilterView.swift in Sources */ = {isa = PBXBuildFile; fileRef = 4133DE502FF3ACF200291657 /* SliderFilterView.swift */; };
		4133DE532FF40ECA00291657 /* BrandItemView.swift in Sources */ = {isa = PBXBuildFile; fileRef = 4133DE522FF40ECA00291657 /* BrandItemView.swift */; };
		4133DE562FF4103800291657 /* Color+Extenstion.swift in Sources */ = {isa = PBXBuildFile; fileRef = 4133DE552FF4103800291657 /* Color+Extenstion.swift */; };
		4133DE582FF4118400291657 /* BrandItemsList.swift in Sources */ = {isa = PBXBuildFile; fileRef = 4133DE572FF4118400291657 /* BrandItemsList.swift */; };
		4133DE5A2FF4129900291657 /* BrandSectionView.swift in Sources */ = {isa = PBXBuildFile; fileRef = 4133DE592FF4129900291657 /* BrandSectionView.swift */; };
		41B03E8F2FEFCE2A00521C14 /* DrapeApp.swift in Sources */ = {isa = PBXBuildFile; fileRef = 41B03E8E2FEFCE2A00521C14 /* DrapeApp.swift */; };
		41B03E912FEFCE2A00521C14 /* ContentView.swift in Sources */ = {isa = PBXBuildFile; fileRef = 41B03E902FEFCE2A00521C14 /* ContentView.swift */; };
		41B03E952FEFCE2E00521C14 /* Assets.xcassets in Resources */ = {isa = PBXBuildFile; fileRef = 41B03E942FEFCE2E00521C14 /* Assets.xcassets */; };
		41B03E982FEFCE2E00521C14 /* Preview Assets.xcassets in Resources */ = {isa = PBXBuildFile; fileRef = 41B03E972FEFCE2E00521C14 /* Preview Assets.xcassets */; };
		41B03EA22FEFCE2F00521C14 /* DrapeTests.swift in Sources */ = {isa = PBXBuildFile; fileRef = 41B03EA12FEFCE2F00521C14 /* DrapeTests.swift */; };
		41B03EAC2FEFCE2F00521C14 /* DrapeUITests.swift in Sources */ = {isa = PBXBuildFile; fileRef = 41B03EAB2FEFCE2F00521C14 /* DrapeUITests.swift */; };
		41B03EAE2FEFCE2F00521C14 /* DrapeUITestsLaunchTests.swift in Sources */ = {isa = PBXBuildFile; fileRef = 41B03EAD2FEFCE2F00521C14 /* DrapeUITestsLaunchTests.swift */; };
		41B03EC92FEFE34200521C14 /* CustomTextField.swift in Sources */ = {isa = PBXBuildFile; fileRef = 41B03EC82FEFE34200521C14 /* CustomTextField.swift */; };
		41B9B8E92FF02858002CF176 /* HomeScreen.swift in Sources */ = {isa = PBXBuildFile; fileRef = 41B9B8E82FF02858002CF176 /* HomeScreen.swift */; };
		41B9B8EC2FF395DA002CF176 /* CategoryChipListView.swift in Sources */ = {isa = PBXBuildFile; fileRef = 41B9B8EB2FF395DA002CF176 /* CategoryChipListView.swift */; };
		41B9B8EE2FF39604002CF176 /* CustomSearchField.swift in Sources */ = {isa = PBXBuildFile; fileRef = 41B9B8ED2FF39604002CF176 /* CustomSearchField.swift */; };
		41B9B8F02FF39625002CF176 /* CategoryChipView.swift in Sources */ = {isa = PBXBuildFile; fileRef = 41B9B8EF2FF39625002CF176 /* CategoryChipView.swift */; };
		41B9B8F32FF39890002CF176 /* HeaderHomeScreenView.swift in Sources */ = {isa = PBXBuildFile; fileRef = 41B9B8F22FF39890002CF176 /* HeaderHomeScreenView.swift */; };
		9F4DDE6A2FF06F4700B9D2F0 /* CustomButton.swift in Sources */ = {isa = PBXBuildFile; fileRef = 9F4DDE692FF06F4100B9D2F0 /* CustomButton.swift */; };
		9F7F65BB2FF0B4AA00974E84 /* HomeProductsGridView.swift in Sources */ = {isa = PBXBuildFile; fileRef = 9F7F65BA2FF0B4AA00974E84 /* HomeProductsGridView.swift */; };
		9FB047E22FF5C1C200F24615 /* ShopifyNetworkManager.swift in Sources */ = {isa = PBXBuildFile; fileRef = 9FB047E12FF5C1C200F24615 /* ShopifyNetworkManager.swift */; };
		9FB047E52FF5C45E00F24615 /* Alamofire in Frameworks */ = {isa = PBXBuildFile; productRef = 9FB047E42FF5C45E00F24615 /* Alamofire */; };
		9FB047EB2FF5D21D00F24615 /* Secrets.xcconfig in Resources */ = {isa = PBXBuildFile; fileRef = 9FB047EA2FF5D21D00F24615 /* Secrets.xcconfig */; };
		9FB047EE2FF5DC5200F24615 /* APIConfig.swift in Sources */ = {isa = PBXBuildFile; fileRef = 9FB047ED2FF5DC5200F24615 /* APIConfig.swift */; };
		9FB047F02FF5F0A000F24615 /* ShopifyNetworkService.swift in Sources */ = {isa = PBXBuildFile; fileRef = 9FB047EF2FF5F0A000F24615 /* ShopifyNetworkService.swift */; };
		9FB047F32FF5F47400F24615 /* HomeRepositoryImpl.swift in Sources */ = {isa = PBXBuildFile; fileRef = 9FB047F22FF5F47400F24615 /* HomeRepositoryImpl.swift */; };
		9FB047F72FF5F4EE00F24615 /* Product.swift in Sources */ = {isa = PBXBuildFile; fileRef = 9FB047F62FF5F4EE00F24615 /* Product.swift */; };
		9FB047FA2FF5FB4E00F24615 /* HomeRepositoryProtocol.swift in Sources */ = {isa = PBXBuildFile; fileRef = 9FB047F92FF5FB4E00F24615 /* HomeRepositoryProtocol.swift */; };
		9FB047FD2FF5FC2300F24615 /* GetAllProductsUseCase.swift in Sources */ = {isa = PBXBuildFile; fileRef = 9FB047FC2FF5FC2300F24615 /* GetAllProductsUseCase.swift */; };
		9FB048002FF5FE7E00F24615 /* HomeViewModel.swift in Sources */ = {isa = PBXBuildFile; fileRef = 9FB047FF2FF5FE7E00F24615 /* HomeViewModel.swift */; };
		9FB0C0132FF59D8F005DE79C /* ProductDTO.swift in Sources */ = {isa = PBXBuildFile; fileRef = 9FB0C0122FF59D8F005DE79C /* ProductDTO.swift */; };
		9FD014B92FF6EB8F00602339 /* VendorDTO.swift in Sources */ = {isa = PBXBuildFile; fileRef = 9FD014B82FF6EB8F00602339 /* VendorDTO.swift */; };
		9FD014BB2FF6ED2C00602339 /* ImageDTO.swift in Sources */ = {isa = PBXBuildFile; fileRef = 9FD014BA2FF6ED2C00602339 /* ImageDTO.swift */; };
		9FD014BD2FF6EEF400602339 /* Brand.swift in Sources */ = {isa = PBXBuildFile; fileRef = 9FD014BC2FF6EEF400602339 /* Brand.swift */; };
		9FD014BF2FF6F47300602339 /* GetAllBrandsUseCase.swift in Sources */ = {isa = PBXBuildFile; fileRef = 9FD014BE2FF6F47300602339 /* GetAllBrandsUseCase.swift */; };
		9FD014C12FF707C000602339 /* GetAllCategoriesUseCase.swift in Sources */ = {isa = PBXBuildFile; fileRef = 9FD014C02FF707C000602339 /* GetAllCategoriesUseCase.swift */; };
		9FFBA2A72FF38A2600A0B28C /* HomeProductCard.swift in Sources */ = {isa = PBXBuildFile; fileRef = 9FFBA2A62FF38A2600A0B28C /* HomeProductCard.swift */; };
/* End PBXBuildFile section */

/* Begin PBXContainerItemProxy section */
		41B03E9E2FEFCE2F00521C14 /* PBXContainerItemProxy */ = {
			isa = PBXContainerItemProxy;
			containerPortal = 41B03E832FEFCE2A00521C14 /* Project object */;
			proxyType = 1;
			remoteGlobalIDString = 41B03E8A2FEFCE2A00521C14;
			remoteInfo = Drape;
		};
		41B03EA82FEFCE2F00521C14 /* PBXContainerItemProxy */ = {
			isa = PBXContainerItemProxy;
			containerPortal = 41B03E832FEFCE2A00521C14 /* Project object */;
			proxyType = 1;
			remoteGlobalIDString = 41B03E8A2FEFCE2A00521C14;
			remoteInfo = Drape;
		};
/* End PBXContainerItemProxy section */

/* Begin PBXFileReference section */
		3EFC6DFD2FEFE482002FBB9B /* SplashScreen.swift */ = {isa = PBXFileReference; lastKnownFileType = sourcecode.swift; path = SplashScreen.swift; sourceTree = "<group>"; };
		3EFC6DFF2FEFEB5E002FBB9B /* drape_icon.png */ = {isa = PBXFileReference; lastKnownFileType = image.png; path = drape_icon.png; sourceTree = "<group>"; };
		3EFC6E002FEFEB5E002FBB9B /* onboarding.png */ = {isa = PBXFileReference; lastKnownFileType = image.png; path = onboarding.png; sourceTree = "<group>"; };
		3EFC6E042FEFEF1B002FBB9B /* OnBoardingScreen.swift */ = {isa = PBXFileReference; lastKnownFileType = sourcecode.swift; path = OnBoardingScreen.swift; sourceTree = "<group>"; };
		4133DE502FF3ACF200291657 /* SliderFilterView.swift */ = {isa = PBXFileReference; lastKnownFileType = sourcecode.swift; path = SliderFilterView.swift; sourceTree = "<group>"; };
		4133DE522FF40ECA00291657 /* BrandItemView.swift */ = {isa = PBXFileReference; lastKnownFileType = sourcecode.swift; path = BrandItemView.swift; sourceTree = "<group>"; };
		4133DE552FF4103800291657 /* Color+Extenstion.swift */ = {isa = PBXFileReference; lastKnownFileType = sourcecode.swift; path = "Color+Extenstion.swift"; sourceTree = "<group>"; };
		4133DE572FF4118400291657 /* BrandItemsList.swift */ = {isa = PBXFileReference; lastKnownFileType = sourcecode.swift; path = BrandItemsList.swift; sourceTree = "<group>"; };
		4133DE592FF4129900291657 /* BrandSectionView.swift */ = {isa = PBXFileReference; lastKnownFileType = sourcecode.swift; path = BrandSectionView.swift; sourceTree = "<group>"; };
		41B03E8B2FEFCE2A00521C14 /* Drape.app */ = {isa = PBXFileReference; explicitFileType = wrapper.application; includeInIndex = 0; path = Drape.app; sourceTree = BUILT_PRODUCTS_DIR; };
		41B03E8E2FEFCE2A00521C14 /* DrapeApp.swift */ = {isa = PBXFileReference; lastKnownFileType = sourcecode.swift; path = DrapeApp.swift; sourceTree = "<group>"; };
		41B03E902FEFCE2A00521C14 /* ContentView.swift */ = {isa = PBXFileReference; lastKnownFileType = sourcecode.swift; path = ContentView.swift; sourceTree = "<group>"; };
		41B03E942FEFCE2E00521C14 /* Assets.xcassets */ = {isa = PBXFileReference; lastKnownFileType = folder.assetcatalog; path = Assets.xcassets; sourceTree = "<group>"; };
		41B03E972FEFCE2E00521C14 /* Preview Assets.xcassets */ = {isa = PBXFileReference; lastKnownFileType = folder.assetcatalog; path = "Preview Assets.xcassets"; sourceTree = "<group>"; };
		41B03E9D2FEFCE2F00521C14 /* DrapeTests.xctest */ = {isa = PBXFileReference; explicitFileType = wrapper.cfbundle; includeInIndex = 0; path = DrapeTests.xctest; sourceTree = BUILT_PRODUCTS_DIR; };
		41B03EA12FEFCE2F00521C14 /* DrapeTests.swift */ = {isa = PBXFileReference; lastKnownFileType = sourcecode.swift; path = DrapeTests.swift; sourceTree = "<group>"; };
		41B03EA72FEFCE2F00521C14 /* DrapeUITests.xctest */ = {isa = PBXFileReference; explicitFileType = wrapper.cfbundle; includeInIndex = 0; path = DrapeUITests.xctest; sourceTree = BUILT_PRODUCTS_DIR; };
		41B03EAB2FEFCE2F00521C14 /* DrapeUITests.swift */ = {isa = PBXFileReference; lastKnownFileType = sourcecode.swift; path = DrapeUITests.swift; sourceTree = "<group>"; };
		41B03EAD2FEFCE2F00521C14 /* DrapeUITestsLaunchTests.swift */ = {isa = PBXFileReference; lastKnownFileType = sourcecode.swift; path = DrapeUITestsLaunchTests.swift; sourceTree = "<group>"; };
		41B03EC82FEFE34200521C14 /* CustomTextField.swift */ = {isa = PBXFileReference; lastKnownFileType = sourcecode.swift; path = CustomTextField.swift; sourceTree = "<group>"; };
		41B9B8E82FF02858002CF176 /* HomeScreen.swift */ = {isa = PBXFileReference; lastKnownFileType = sourcecode.swift; path = HomeScreen.swift; sourceTree = "<group>"; };
		41B9B8EB2FF395DA002CF176 /* CategoryChipListView.swift */ = {isa = PBXFileReference; lastKnownFileType = sourcecode.swift; path = CategoryChipListView.swift; sourceTree = "<group>"; };
		41B9B8ED2FF39604002CF176 /* CustomSearchField.swift */ = {isa = PBXFileReference; lastKnownFileType = sourcecode.swift; path = CustomSearchField.swift; sourceTree = "<group>"; };
		41B9B8EF2FF39625002CF176 /* CategoryChipView.swift */ = {isa = PBXFileReference; lastKnownFileType = sourcecode.swift; path = CategoryChipView.swift; sourceTree = "<group>"; };
		41B9B8F22FF39890002CF176 /* HeaderHomeScreenView.swift */ = {isa = PBXFileReference; lastKnownFileType = sourcecode.swift; path = HeaderHomeScreenView.swift; sourceTree = "<group>"; };
		9F4DDE692FF06F4100B9D2F0 /* CustomButton.swift */ = {isa = PBXFileReference; lastKnownFileType = sourcecode.swift; path = CustomButton.swift; sourceTree = "<group>"; };
		9F7F65BA2FF0B4AA00974E84 /* HomeProductsGridView.swift */ = {isa = PBXFileReference; lastKnownFileType = sourcecode.swift; path = HomeProductsGridView.swift; sourceTree = "<group>"; };
		9FB047E12FF5C1C200F24615 /* ShopifyNetworkManager.swift */ = {isa = PBXFileReference; lastKnownFileType = sourcecode.swift; path = ShopifyNetworkManager.swift; sourceTree = "<group>"; };
		9FB047EA2FF5D21D00F24615 /* Secrets.xcconfig */ = {isa = PBXFileReference; lastKnownFileType = text.xcconfig; path = Secrets.xcconfig; sourceTree = "<group>"; };
		9FB047EC2FF5D5BF00F24615 /* Info.plist */ = {isa = PBXFileReference; lastKnownFileType = text.plist; path = Info.plist; sourceTree = "<group>"; };
		9FB047ED2FF5DC5200F24615 /* APIConfig.swift */ = {isa = PBXFileReference; lastKnownFileType = sourcecode.swift; path = APIConfig.swift; sourceTree = "<group>"; };
		9FB047EF2FF5F0A000F24615 /* ShopifyNetworkService.swift */ = {isa = PBXFileReference; lastKnownFileType = sourcecode.swift; path = ShopifyNetworkService.swift; sourceTree = "<group>"; };
		9FB047F22FF5F47400F24615 /* HomeRepositoryImpl.swift */ = {isa = PBXFileReference; lastKnownFileType = sourcecode.swift; path = HomeRepositoryImpl.swift; sourceTree = "<group>"; };
		9FB047F62FF5F4EE00F24615 /* Product.swift */ = {isa = PBXFileReference; lastKnownFileType = sourcecode.swift; path = Product.swift; sourceTree = "<group>"; };
		9FB047F92FF5FB4E00F24615 /* HomeRepositoryProtocol.swift */ = {isa = PBXFileReference; lastKnownFileType = sourcecode.swift; path = HomeRepositoryProtocol.swift; sourceTree = "<group>"; };
		9FB047FC2FF5FC2300F24615 /* GetAllProductsUseCase.swift */ = {isa = PBXFileReference; lastKnownFileType = sourcecode.swift; path = GetAllProductsUseCase.swift; sourceTree = "<group>"; };
		9FB047FF2FF5FE7E00F24615 /* HomeViewModel.swift */ = {isa = PBXFileReference; lastKnownFileType = sourcecode.swift; path = HomeViewModel.swift; sourceTree = "<group>"; };
		9FB0C0122FF59D8F005DE79C /* ProductDTO.swift */ = {isa = PBXFileReference; lastKnownFileType = sourcecode.swift; path = ProductDTO.swift; sourceTree = "<group>"; };
		9FD014B82FF6EB8F00602339 /* VendorDTO.swift */ = {isa = PBXFileReference; lastKnownFileType = sourcecode.swift; path = VendorDTO.swift; sourceTree = "<group>"; };
		9FD014BA2FF6ED2C00602339 /* ImageDTO.swift */ = {isa = PBXFileReference; lastKnownFileType = sourcecode.swift; path = ImageDTO.swift; sourceTree = "<group>"; };
		9FD014BC2FF6EEF400602339 /* Brand.swift */ = {isa = PBXFileReference; lastKnownFileType = sourcecode.swift; path = Brand.swift; sourceTree = "<group>"; };
		9FD014BE2FF6F47300602339 /* GetAllBrandsUseCase.swift */ = {isa = PBXFileReference; lastKnownFileType = sourcecode.swift; path = GetAllBrandsUseCase.swift; sourceTree = "<group>"; };
		9FD014C02FF707C000602339 /* GetAllCategoriesUseCase.swift */ = {isa = PBXFileReference; lastKnownFileType = sourcecode.swift; path = GetAllCategoriesUseCase.swift; sourceTree = "<group>"; };
		9FFBA2A62FF38A2600A0B28C /* HomeProductCard.swift */ = {isa = PBXFileReference; lastKnownFileType = sourcecode.swift; path = HomeProductCard.swift; sourceTree = "<group>"; };
/* End PBXFileReference section */

/* Begin PBXFrameworksBuildPhase section */
		41B03E882FEFCE2A00521C14 /* Frameworks */ = {
			isa = PBXFrameworksBuildPhase;
			buildActionMask = 2147483647;
			files = (
				9FB047E52FF5C45E00F24615 /* Alamofire in Frameworks */,
			);
			runOnlyForDeploymentPostprocessing = 0;
		};
		41B03E9A2FEFCE2F00521C14 /* Frameworks */ = {
			isa = PBXFrameworksBuildPhase;
			buildActionMask = 2147483647;
			files = (
			);
			runOnlyForDeploymentPostprocessing = 0;
		};
		41B03EA42FEFCE2F00521C14 /* Frameworks */ = {
			isa = PBXFrameworksBuildPhase;
			buildActionMask = 2147483647;
			files = (
			);
			runOnlyForDeploymentPostprocessing = 0;
		};
/* End PBXFrameworksBuildPhase section */

/* Begin PBXGroup section */
		3EFC6DFC2FEFE44E002FBB9B /* Splash */ = {
			isa = PBXGroup;
			children = (
				3EFC6DFD2FEFE482002FBB9B /* SplashScreen.swift */,
			);
			path = Splash;
			sourceTree = "<group>";
		};
		3EFC6E032FEFEEEC002FBB9B /* OnBoarding */ = {
			isa = PBXGroup;
			children = (
				3EFC6E042FEFEF1B002FBB9B /* OnBoardingScreen.swift */,
			);
			path = OnBoarding;
			sourceTree = "<group>";
		};
		4133DE542FF4101B00291657 /* Extenstion */ = {
			isa = PBXGroup;
			children = (
				4133DE552FF4103800291657 /* Color+Extenstion.swift */,
			);
			path = Extenstion;
			sourceTree = "<group>";
		};
		41B03E822FEFCE2A00521C14 = {
			isa = PBXGroup;
			children = (
				41B03E8D2FEFCE2A00521C14 /* Drape */,
				41B03EA02FEFCE2F00521C14 /* DrapeTests */,
				41B03EAA2FEFCE2F00521C14 /* DrapeUITests */,
				9FB047E32FF5C45E00F24615 /* Frameworks */,
				41B03E8C2FEFCE2A00521C14 /* Products */,
			);
			sourceTree = "<group>";
		};
		41B03E8C2FEFCE2A00521C14 /* Products */ = {
			isa = PBXGroup;
			children = (
				41B03E8B2FEFCE2A00521C14 /* Drape.app */,
				41B03E9D2FEFCE2F00521C14 /* DrapeTests.xctest */,
				41B03EA72FEFCE2F00521C14 /* DrapeUITests.xctest */,
			);
			name = Products;
			sourceTree = "<group>";
		};
		41B03E8D2FEFCE2A00521C14 /* Drape */ = {
			isa = PBXGroup;
			children = (
				9FB047ED2FF5DC5200F24615 /* APIConfig.swift */,
				9FB047EC2FF5D5BF00F24615 /* Info.plist */,
				4133DE542FF4101B00291657 /* Extenstion */,
				41B9B8E62FF02826002CF176 /* Home */,
				3EFC6E032FEFEEEC002FBB9B /* OnBoarding */,
				3EFC6DFC2FEFE44E002FBB9B /* Splash */,
				9F4DDE682FF06F3700B9D2F0 /* Components */,
				41B03E8E2FEFCE2A00521C14 /* DrapeApp.swift */,
				41B03E902FEFCE2A00521C14 /* ContentView.swift */,
				41B03E942FEFCE2E00521C14 /* Assets.xcassets */,
				41B03E962FEFCE2E00521C14 /* Preview Content */,
				9FB047EA2FF5D21D00F24615 /* Secrets.xcconfig */,
				9FB047E12FF5C1C200F24615 /* ShopifyNetworkManager.swift */,
			);
			path = Drape;
			sourceTree = "<group>";
		};
		41B03E962FEFCE2E00521C14 /* Preview Content */ = {
			isa = PBXGroup;
			children = (
				3EFC6DFF2FEFEB5E002FBB9B /* drape_icon.png */,
				3EFC6E002FEFEB5E002FBB9B /* onboarding.png */,
				41B03E972FEFCE2E00521C14 /* Preview Assets.xcassets */,
			);
			path = "Preview Content";
			sourceTree = "<group>";
		};
		41B03EA02FEFCE2F00521C14 /* DrapeTests */ = {
			isa = PBXGroup;
			children = (
				41B03EA12FEFCE2F00521C14 /* DrapeTests.swift */,
			);
			path = DrapeTests;
			sourceTree = "<group>";
		};
		41B03EAA2FEFCE2F00521C14 /* DrapeUITests */ = {
			isa = PBXGroup;
			children = (
				41B03EAB2FEFCE2F00521C14 /* DrapeUITests.swift */,
				41B03EAD2FEFCE2F00521C14 /* DrapeUITestsLaunchTests.swift */,
			);
			path = DrapeUITests;
			sourceTree = "<group>";
		};
		41B9B8E62FF02826002CF176 /* Home */ = {
			isa = PBXGroup;
			children = (
				9FB047F42FF5F4CE00F24615 /* Domain */,
				9FB0C00C2FF59CC4005DE79C /* Data */,
				9FB0C00B2FF59C8F005DE79C /* Presentation */,
			);
			path = Home;
			sourceTree = "<group>";
		};
		41B9B8EA2FF395B8002CF176 /* Views */ = {
			isa = PBXGroup;
			children = (
				41B9B8E82FF02858002CF176 /* HomeScreen.swift */,
			);
			path = Views;
			sourceTree = "<group>";
		};
		41B9B8F12FF39707002CF176 /* Components */ = {
			isa = PBXGroup;
			children = (
				41B9B8EF2FF39625002CF176 /* CategoryChipView.swift */,
				41B9B8EB2FF395DA002CF176 /* CategoryChipListView.swift */,
				41B9B8F22FF39890002CF176 /* HeaderHomeScreenView.swift */,
				9F7F65BA2FF0B4AA00974E84 /* HomeProductsGridView.swift */,
				9FFBA2A62FF38A2600A0B28C /* HomeProductCard.swift */,
				4133DE522FF40ECA00291657 /* BrandItemView.swift */,
				4133DE572FF4118400291657 /* BrandItemsList.swift */,
				4133DE592FF4129900291657 /* BrandSectionView.swift */,
			);
			name = Components;
			path = Views;
			sourceTree = "<group>";
		};
		9F4DDE682FF06F3700B9D2F0 /* Components */ = {
			isa = PBXGroup;
			children = (
				41B9B8ED2FF39604002CF176 /* CustomSearchField.swift */,
				9F4DDE692FF06F4100B9D2F0 /* CustomButton.swift */,
				41B03EC82FEFE34200521C14 /* CustomTextField.swift */,
				4133DE502FF3ACF200291657 /* SliderFilterView.swift */,
			);
			path = Components;
			sourceTree = "<group>";
		};
		9FB047DF2FF5C18C00F24615 /* DataSource */ = {
			isa = PBXGroup;
			children = (
				9FB047E02FF5C19B00F24615 /* NetworkDataSource */,
			);
			path = DataSource;
			sourceTree = "<group>";
		};
		9FB047E02FF5C19B00F24615 /* NetworkDataSource */ = {
			isa = PBXGroup;
			children = (
				9FB047EF2FF5F0A000F24615 /* ShopifyNetworkService.swift */,
			);
			path = NetworkDataSource;
			sourceTree = "<group>";
		};
		9FB047E32FF5C45E00F24615 /* Frameworks */ = {
			isa = PBXGroup;
			children = (
			);
			name = Frameworks;
			sourceTree = "<group>";
		};
		9FB047F12FF5F44E00F24615 /* Repository */ = {
			isa = PBXGroup;
			children = (
				9FB047F22FF5F47400F24615 /* HomeRepositoryImpl.swift */,
			);
			path = Repository;
			sourceTree = "<group>";
		};
		9FB047F42FF5F4CE00F24615 /* Domain */ = {
			isa = PBXGroup;
			children = (
				9FB047FB2FF5FC0B00F24615 /* UseCase */,
				9FB047F82FF5FB1300F24615 /* Repository */,
				9FB047F52FF5F4DA00F24615 /* Entities */,
			);
			path = Domain;
			sourceTree = "<group>";
		};
		9FB047F52FF5F4DA00F24615 /* Entities */ = {
			isa = PBXGroup;
			children = (
				9FB047F62FF5F4EE00F24615 /* Product.swift */,
				9FD014BC2FF6EEF400602339 /* Brand.swift */,
			);
			path = Entities;
			sourceTree = "<group>";
		};
		9FB047F82FF5FB1300F24615 /* Repository */ = {
			isa = PBXGroup;
			children = (
				9FB047F92FF5FB4E00F24615 /* HomeRepositoryProtocol.swift */,
			);
			path = Repository;
			sourceTree = "<group>";
		};
		9FB047FB2FF5FC0B00F24615 /* UseCase */ = {
			isa = PBXGroup;
			children = (
				9FB047FC2FF5FC2300F24615 /* GetAllProductsUseCase.swift */,
				9FD014BE2FF6F47300602339 /* GetAllBrandsUseCase.swift */,
				9FD014C02FF707C000602339 /* GetAllCategoriesUseCase.swift */,
			);
			path = UseCase;
			sourceTree = "<group>";
		};
		9FB0C00B2FF59C8F005DE79C /* Presentation */ = {
			isa = PBXGroup;
			children = (
				41B9B8EA2FF395B8002CF176 /* Views */,
				41B9B8F12FF39707002CF176 /* Components */,
				9FB047FF2FF5FE7E00F24615 /* HomeViewModel.swift */,
			);
			path = Presentation;
			sourceTree = "<group>";
		};
		9FB0C00C2FF59CC4005DE79C /* Data */ = {
			isa = PBXGroup;
			children = (
				9FB047F12FF5F44E00F24615 /* Repository */,
				9FB047DF2FF5C18C00F24615 /* DataSource */,
				9FB0C00D2FF59CF7005DE79C /* DTOs */,
			);
			path = Data;
			sourceTree = "<group>";
		};
		9FB0C00D2FF59CF7005DE79C /* DTOs */ = {
			isa = PBXGroup;
			children = (
				9FB0C0122FF59D8F005DE79C /* ProductDTO.swift */,
				9FD014B82FF6EB8F00602339 /* VendorDTO.swift */,
				9FD014BA2FF6ED2C00602339 /* ImageDTO.swift */,
			);
			path = DTOs;
			sourceTree = "<group>";
		};
/* End PBXGroup section */

/* Begin PBXNativeTarget section */
		41B03E8A2FEFCE2A00521C14 /* Drape */ = {
			isa = PBXNativeTarget;
			buildConfigurationList = 41B03EB12FEFCE2F00521C14 /* Build configuration list for PBXNativeTarget "Drape" */;
			buildPhases = (
				41B03E872FEFCE2A00521C14 /* Sources */,
				41B03E882FEFCE2A00521C14 /* Frameworks */,
				41B03E892FEFCE2A00521C14 /* Resources */,
			);
			buildRules = (
			);
			dependencies = (
			);
			name = Drape;
			productName = Drape;
			productReference = 41B03E8B2FEFCE2A00521C14 /* Drape.app */;
			productType = "com.apple.product-type.application";
		};
		41B03E9C2FEFCE2F00521C14 /* DrapeTests */ = {
			isa = PBXNativeTarget;
			buildConfigurationList = 41B03EB42FEFCE2F00521C14 /* Build configuration list for PBXNativeTarget "DrapeTests" */;
			buildPhases = (
				41B03E992FEFCE2F00521C14 /* Sources */,
				41B03E9A2FEFCE2F00521C14 /* Frameworks */,
				41B03E9B2FEFCE2F00521C14 /* Resources */,
			);
			buildRules = (
			);
			dependencies = (
				41B03E9F2FEFCE2F00521C14 /* PBXTargetDependency */,
			);
			name = DrapeTests;
			productName = DrapeTests;
			productReference = 41B03E9D2FEFCE2F00521C14 /* DrapeTests.xctest */;
			productType = "com.apple.product-type.bundle.unit-test";
		};
		41B03EA62FEFCE2F00521C14 /* DrapeUITests */ = {
			isa = PBXNativeTarget;
			buildConfigurationList = 41B03EB72FEFCE2F00521C14 /* Build configuration list for PBXNativeTarget "DrapeUITests" */;
			buildPhases = (
				41B03EA32FEFCE2F00521C14 /* Sources */,
				41B03EA42FEFCE2F00521C14 /* Frameworks */,
				41B03EA52FEFCE2F00521C14 /* Resources */,
			);
			buildRules = (
			);
			dependencies = (
				41B03EA92FEFCE2F00521C14 /* PBXTargetDependency */,
			);
			name = DrapeUITests;
			productName = DrapeUITests;
			productReference = 41B03EA72FEFCE2F00521C14 /* DrapeUITests.xctest */;
			productType = "com.apple.product-type.bundle.ui-testing";
		};
/* End PBXNativeTarget section */

/* Begin PBXProject section */
		41B03E832FEFCE2A00521C14 /* Project object */ = {
			isa = PBXProject;
			attributes = {
				BuildIndependentTargetsInParallel = 1;
				LastSwiftUpdateCheck = 1540;
				LastUpgradeCheck = 1540;
				TargetAttributes = {
					41B03E8A2FEFCE2A00521C14 = {
						CreatedOnToolsVersion = 15.4;
					};
					41B03E9C2FEFCE2F00521C14 = {
						CreatedOnToolsVersion = 15.4;
						TestTargetID = 41B03E8A2FEFCE2A00521C14;
					};
					41B03EA62FEFCE2F00521C14 = {
						CreatedOnToolsVersion = 15.4;
						TestTargetID = 41B03E8A2FEFCE2A00521C14;
					};
				};
			};
			buildConfigurationList = 41B03E862FEFCE2A00521C14 /* Build configuration list for PBXProject "Drape" */;
			compatibilityVersion = "Xcode 14.0";
			developmentRegion = en;
			hasScannedForEncodings = 0;
			knownRegions = (
				en,
				Base,
			);
			mainGroup = 41B03E822FEFCE2A00521C14;
			packageReferences = (
				41B03EBA2FEFD2C300521C14 /* XCRemoteSwiftPackageReference "Alamofire" */,
			);
			productRefGroup = 41B03E8C2FEFCE2A00521C14 /* Products */;
			projectDirPath = "";
			projectRoot = "";
			targets = (
				41B03E8A2FEFCE2A00521C14 /* Drape */,
				41B03E9C2FEFCE2F00521C14 /* DrapeTests */,
				41B03EA62FEFCE2F00521C14 /* DrapeUITests */,
			);
		};
/* End PBXProject section */

/* Begin PBXResourcesBuildPhase section */
		41B03E892FEFCE2A00521C14 /* Resources */ = {
			isa = PBXResourcesBuildPhase;
			buildActionMask = 2147483647;
			files = (
				3EFC6E012FEFEB5F002FBB9B /* drape_icon.png in Resources */,
				9FB047EB2FF5D21D00F24615 /* Secrets.xcconfig in Resources */,
				3EFC6E022FEFEB5F002FBB9B /* onboarding.png in Resources */,
				41B03E982FEFCE2E00521C14 /* Preview Assets.xcassets in Resources */,
				41B03E952FEFCE2E00521C14 /* Assets.xcassets in Resources */,
			);
			runOnlyForDeploymentPostprocessing = 0;
		};
		41B03E9B2FEFCE2F00521C14 /* Resources */ = {
			isa = PBXResourcesBuildPhase;
			buildActionMask = 2147483647;
			files = (
			);
			runOnlyForDeploymentPostprocessing = 0;
		};
		41B03EA52FEFCE2F00521C14 /* Resources */ = {
			isa = PBXResourcesBuildPhase;
			buildActionMask = 2147483647;
			files = (
			);
			runOnlyForDeploymentPostprocessing = 0;
		};
/* End PBXResourcesBuildPhase section */

/* Begin PBXSourcesBuildPhase section */
		41B03E872FEFCE2A00521C14 /* Sources */ = {
			isa = PBXSourcesBuildPhase;
			buildActionMask = 2147483647;
			files = (
				9FD014C12FF707C000602339 /* GetAllCategoriesUseCase.swift in Sources */,
				41B03EC92FEFE34200521C14 /* CustomTextField.swift in Sources */,
				9FB047F02FF5F0A000F24615 /* ShopifyNetworkService.swift in Sources */,
				9FB047FA2FF5FB4E00F24615 /* HomeRepositoryProtocol.swift in Sources */,
				9F7F65BB2FF0B4AA00974E84 /* HomeProductsGridView.swift in Sources */,
				3EFC6DFE2FEFE482002FBB9B /* SplashScreen.swift in Sources */,
				41B9B8E92FF02858002CF176 /* HomeScreen.swift in Sources */,
				9FB047FD2FF5FC2300F24615 /* GetAllProductsUseCase.swift in Sources */,
				41B9B8F32FF39890002CF176 /* HeaderHomeScreenView.swift in Sources */,
				9FB047F32FF5F47400F24615 /* HomeRepositoryImpl.swift in Sources */,
				9FB0C0132FF59D8F005DE79C /* ProductDTO.swift in Sources */,
				9FB048002FF5FE7E00F24615 /* HomeViewModel.swift in Sources */,
				41B9B8F02FF39625002CF176 /* CategoryChipView.swift in Sources */,
				9FB047E22FF5C1C200F24615 /* ShopifyNetworkManager.swift in Sources */,
				9FD014BD2FF6EEF400602339 /* Brand.swift in Sources */,
				41B03E912FEFCE2A00521C14 /* ContentView.swift in Sources */,
				4133DE532FF40ECA00291657 /* BrandItemView.swift in Sources */,
				9FD014B92FF6EB8F00602339 /* VendorDTO.swift in Sources */,
				9FD014BB2FF6ED2C00602339 /* ImageDTO.swift in Sources */,
				9FFBA2A72FF38A2600A0B28C /* HomeProductCard.swift in Sources */,
				4133DE582FF4118400291657 /* BrandItemsList.swift in Sources */,
				41B03E8F2FEFCE2A00521C14 /* DrapeApp.swift in Sources */,
				4133DE512FF3ACF200291657 /* SliderFilterView.swift in Sources */,
				9F4DDE6A2FF06F4700B9D2F0 /* CustomButton.swift in Sources */,
				9FD014BF2FF6F47300602339 /* GetAllBrandsUseCase.swift in Sources */,
				9FB047F72FF5F4EE00F24615 /* Product.swift in Sources */,
				4133DE562FF4103800291657 /* Color+Extenstion.swift in Sources */,
				4133DE5A2FF4129900291657 /* BrandSectionView.swift in Sources */,
				41B9B8EE2FF39604002CF176 /* CustomSearchField.swift in Sources */,
				3EFC6E052FEFEF1B002FBB9B /* OnBoardingScreen.swift in Sources */,
				41B9B8EC2FF395DA002CF176 /* CategoryChipListView.swift in Sources */,
				9FB047EE2FF5DC5200F24615 /* APIConfig.swift in Sources */,
			);
			runOnlyForDeploymentPostprocessing = 0;
		};
		41B03E992FEFCE2F00521C14 /* Sources */ = {
			isa = PBXSourcesBuildPhase;
			buildActionMask = 2147483647;
			files = (
				41B03EA22FEFCE2F00521C14 /* DrapeTests.swift in Sources */,
			);
			runOnlyForDeploymentPostprocessing = 0;
		};
		41B03EA32FEFCE2F00521C14 /* Sources */ = {
			isa = PBXSourcesBuildPhase;
			buildActionMask = 2147483647;
			files = (
				41B03EAC2FEFCE2F00521C14 /* DrapeUITests.swift in Sources */,
				41B03EAE2FEFCE2F00521C14 /* DrapeUITestsLaunchTests.swift in Sources */,
			);
			runOnlyForDeploymentPostprocessing = 0;
		};
/* End PBXSourcesBuildPhase section */

/* Begin PBXTargetDependency section */
		41B03E9F2FEFCE2F00521C14 /* PBXTargetDependency */ = {
			isa = PBXTargetDependency;
			target = 41B03E8A2FEFCE2A00521C14 /* Drape */;
			targetProxy = 41B03E9E2FEFCE2F00521C14 /* PBXContainerItemProxy */;
		};
		41B03EA92FEFCE2F00521C14 /* PBXTargetDependency */ = {
			isa = PBXTargetDependency;
			target = 41B03E8A2FEFCE2A00521C14 /* Drape */;
			targetProxy = 41B03EA82FEFCE2F00521C14 /* PBXContainerItemProxy */;
		};
/* End PBXTargetDependency section */

/* Begin XCBuildConfiguration section */
		41B03EAF2FEFCE2F00521C14 /* Debug */ = {
			isa = XCBuildConfiguration;
			baseConfigurationReference = 9FB047EA2FF5D21D00F24615 /* Secrets.xcconfig */;
			buildSettings = {
				ALWAYS_SEARCH_USER_PATHS = NO;
				ASSETCATALOG_COMPILER_GENERATE_SWIFT_ASSET_SYMBOL_EXTENSIONS = YES;
				CLANG_ANALYZER_NONNULL = YES;
				CLANG_ANALYZER_NUMBER_OBJECT_CONVERSION = YES_AGGRESSIVE;
				CLANG_CXX_LANGUAGE_STANDARD = "gnu++20";
				CLANG_ENABLE_MODULES = YES;
				CLANG_ENABLE_OBJC_ARC = YES;
				CLANG_ENABLE_OBJC_WEAK = YES;
				CLANG_WARN_BLOCK_CAPTURE_AUTORELEASING = YES;
				CLANG_WARN_BOOL_CONVERSION = YES;
				CLANG_WARN_COMMA = YES;
				CLANG_WARN_CONSTANT_CONVERSION = YES;
				CLANG_WARN_DEPRECATED_OBJC_IMPLEMENTATIONS = YES;
				CLANG_WARN_DIRECT_OBJC_ISA_USAGE = YES_ERROR;
				CLANG_WARN_DOCUMENTATION_COMMENTS = YES;
				CLANG_WARN_EMPTY_BODY = YES;
				CLANG_WARN_ENUM_CONVERSION = YES;
				CLANG_WARN_INFINITE_RECURSION = YES;
				CLANG_WARN_INT_CONVERSION = YES;
				CLANG_WARN_NON_LITERAL_NULL_CONVERSION = YES;
				CLANG_WARN_OBJC_IMPLICIT_RETAIN_SELF = YES;
				CLANG_WARN_OBJC_LITERAL_CONVERSION = YES;
				CLANG_WARN_OBJC_ROOT_CLASS = YES_ERROR;
				CLANG_WARN_QUOTED_INCLUDE_IN_FRAMEWORK_HEADER = YES;
				CLANG_WARN_RANGE_LOOP_ANALYSIS = YES;
				CLANG_WARN_STRICT_PROTOTYPES = YES;
				CLANG_WARN_SUSPICIOUS_MOVE = YES;
				CLANG_WARN_UNGUARDED_AVAILABILITY = YES_AGGRESSIVE;
				CLANG_WARN_UNREACHABLE_CODE = YES;
				CLANG_WARN__DUPLICATE_METHOD_MATCH = YES;
				COPY_PHASE_STRIP = NO;
				DEBUG_INFORMATION_FORMAT = dwarf;
				ENABLE_STRICT_OBJC_MSGSEND = YES;
				ENABLE_TESTABILITY = YES;
				ENABLE_USER_SCRIPT_SANDBOXING = YES;
				GCC_C_LANGUAGE_STANDARD = gnu17;
				GCC_DYNAMIC_NO_PIC = NO;
				GCC_NO_COMMON_BLOCKS = YES;
				GCC_OPTIMIZATION_LEVEL = 0;
				GCC_PREPROCESSOR_DEFINITIONS = (
					"DEBUG=1",
					"$(inherited)",
				);
				GCC_WARN_64_TO_32_BIT_CONVERSION = YES;
				GCC_WARN_ABOUT_RETURN_TYPE = YES_ERROR;
				GCC_WARN_UNDECLARED_SELECTOR = YES;
				GCC_WARN_UNINITIALIZED_AUTOS = YES_AGGRESSIVE;
				GCC_WARN_UNUSED_FUNCTION = YES;
				GCC_WARN_UNUSED_VARIABLE = YES;
				IPHONEOS_DEPLOYMENT_TARGET = 17.5;
				LOCALIZATION_PREFERS_STRING_CATALOGS = YES;
				MTL_ENABLE_DEBUG_INFO = INCLUDE_SOURCE;
				MTL_FAST_MATH = YES;
				ONLY_ACTIVE_ARCH = YES;
				SDKROOT = iphoneos;
				SWIFT_ACTIVE_COMPILATION_CONDITIONS = "DEBUG $(inherited)";
				SWIFT_OPTIMIZATION_LEVEL = "-Onone";
			};
			name = Debug;
		};
		41B03EB02FEFCE2F00521C14 /* Release */ = {
			isa = XCBuildConfiguration;
			baseConfigurationReference = 9FB047EA2FF5D21D00F24615 /* Secrets.xcconfig */;
			buildSettings = {
				ALWAYS_SEARCH_USER_PATHS = NO;
				ASSETCATALOG_COMPILER_GENERATE_SWIFT_ASSET_SYMBOL_EXTENSIONS = YES;
				CLANG_ANALYZER_NONNULL = YES;
				CLANG_ANALYZER_NUMBER_OBJECT_CONVERSION = YES_AGGRESSIVE;
				CLANG_CXX_LANGUAGE_STANDARD = "gnu++20";
				CLANG_ENABLE_MODULES = YES;
				CLANG_ENABLE_OBJC_ARC = YES;
				CLANG_ENABLE_OBJC_WEAK = YES;
				CLANG_WARN_BLOCK_CAPTURE_AUTORELEASING = YES;
				CLANG_WARN_BOOL_CONVERSION = YES;
				CLANG_WARN_COMMA = YES;
				CLANG_WARN_CONSTANT_CONVERSION = YES;
				CLANG_WARN_DEPRECATED_OBJC_IMPLEMENTATIONS = YES;
				CLANG_WARN_DIRECT_OBJC_ISA_USAGE = YES_ERROR;
				CLANG_WARN_DOCUMENTATION_COMMENTS = YES;
				CLANG_WARN_EMPTY_BODY = YES;
				CLANG_WARN_ENUM_CONVERSION = YES;
				CLANG_WARN_INFINITE_RECURSION = YES;
				CLANG_WARN_INT_CONVERSION = YES;
				CLANG_WARN_NON_LITERAL_NULL_CONVERSION = YES;
				CLANG_WARN_OBJC_IMPLICIT_RETAIN_SELF = YES;
				CLANG_WARN_OBJC_LITERAL_CONVERSION = YES;
				CLANG_WARN_OBJC_ROOT_CLASS = YES_ERROR;
				CLANG_WARN_QUOTED_INCLUDE_IN_FRAMEWORK_HEADER = YES;
				CLANG_WARN_RANGE_LOOP_ANALYSIS = YES;
				CLANG_WARN_STRICT_PROTOTYPES = YES;
				CLANG_WARN_SUSPICIOUS_MOVE = YES;
				CLANG_WARN_UNGUARDED_AVAILABILITY = YES_AGGRESSIVE;
				CLANG_WARN_UNREACHABLE_CODE = YES;
				CLANG_WARN__DUPLICATE_METHOD_MATCH = YES;
				COPY_PHASE_STRIP = NO;
				DEBUG_INFORMATION_FORMAT = "dwarf-with-dsym";
				ENABLE_NS_ASSERTIONS = NO;
				ENABLE_STRICT_OBJC_MSGSEND = YES;
				ENABLE_USER_SCRIPT_SANDBOXING = YES;
				GCC_C_LANGUAGE_STANDARD = gnu17;
				GCC_NO_COMMON_BLOCKS = YES;
				GCC_WARN_64_TO_32_BIT_CONVERSION = YES;
				GCC_WARN_ABOUT_RETURN_TYPE = YES_ERROR;
				GCC_WARN_UNDECLARED_SELECTOR = YES;
				GCC_WARN_UNINITIALIZED_AUTOS = YES_AGGRESSIVE;
				GCC_WARN_UNUSED_FUNCTION = YES;
				GCC_WARN_UNUSED_VARIABLE = YES;
				IPHONEOS_DEPLOYMENT_TARGET = 17.5;
				LOCALIZATION_PREFERS_STRING_CATALOGS = YES;
				MTL_ENABLE_DEBUG_INFO = NO;
				MTL_FAST_MATH = YES;
				SDKROOT = iphoneos;
				SWIFT_COMPILATION_MODE = wholemodule;
				VALIDATE_PRODUCT = YES;
			};
			name = Release;
		};
		41B03EB22FEFCE2F00521C14 /* Debug */ = {
			isa = XCBuildConfiguration;
			baseConfigurationReference = 9FB047EA2FF5D21D00F24615 /* Secrets.xcconfig */;
			buildSettings = {
				ASSETCATALOG_COMPILER_APPICON_NAME = AppIcon;
				ASSETCATALOG_COMPILER_GLOBAL_ACCENT_COLOR_NAME = AccentColor;
				CODE_SIGN_STYLE = Automatic;
				CURRENT_PROJECT_VERSION = 1;
				DEVELOPMENT_ASSET_PATHS = "\"Drape/Preview Content\"";
				ENABLE_PREVIEWS = YES;
				GENERATE_INFOPLIST_FILE = YES;
				INFOPLIST_FILE = Drape/Info.plist;
				INFOPLIST_KEY_UIApplicationSceneManifest_Generation = YES;
				INFOPLIST_KEY_UIApplicationSupportsIndirectInputEvents = YES;
				INFOPLIST_KEY_UILaunchScreen_Generation = YES;
				INFOPLIST_KEY_UISupportedInterfaceOrientations_iPad = "UIInterfaceOrientationPortrait UIInterfaceOrientationPortraitUpsideDown UIInterfaceOrientationLandscapeLeft UIInterfaceOrientationLandscapeRight";
				INFOPLIST_KEY_UISupportedInterfaceOrientations_iPhone = "UIInterfaceOrientationPortrait UIInterfaceOrientationLandscapeLeft UIInterfaceOrientationLandscapeRight";
				LD_RUNPATH_SEARCH_PATHS = (
					"$(inherited)",
					"@executable_path/Frameworks",
				);
				MARKETING_VERSION = 1.0;
				PRODUCT_BUNDLE_IDENTIFIER = com.moaz.Drape;
				PRODUCT_NAME = "$(TARGET_NAME)";
				SWIFT_EMIT_LOC_STRINGS = YES;
				SWIFT_VERSION = 5.0;
				TARGETED_DEVICE_FAMILY = "1,2";
			};
			name = Debug;
		};
		41B03EB32FEFCE2F00521C14 /* Release */ = {
			isa = XCBuildConfiguration;
			baseConfigurationReference = 9FB047EA2FF5D21D00F24615 /* Secrets.xcconfig */;
			buildSettings = {
				ASSETCATALOG_COMPILER_APPICON_NAME = AppIcon;
				ASSETCATALOG_COMPILER_GLOBAL_ACCENT_COLOR_NAME = AccentColor;
				CODE_SIGN_STYLE = Automatic;
				CURRENT_PROJECT_VERSION = 1;
				DEVELOPMENT_ASSET_PATHS = "\"Drape/Preview Content\"";
				ENABLE_PREVIEWS = YES;
				GENERATE_INFOPLIST_FILE = YES;
				INFOPLIST_FILE = Drape/Info.plist;
				INFOPLIST_KEY_UIApplicationSceneManifest_Generation = YES;
				INFOPLIST_KEY_UIApplicationSupportsIndirectInputEvents = YES;
				INFOPLIST_KEY_UILaunchScreen_Generation = YES;
				INFOPLIST_KEY_UISupportedInterfaceOrientations_iPad = "UIInterfaceOrientationPortrait UIInterfaceOrientationPortraitUpsideDown UIInterfaceOrientationLandscapeLeft UIInterfaceOrientationLandscapeRight";
				INFOPLIST_KEY_UISupportedInterfaceOrientations_iPhone = "UIInterfaceOrientationPortrait UIInterfaceOrientationLandscapeLeft UIInterfaceOrientationLandscapeRight";
				LD_RUNPATH_SEARCH_PATHS = (
					"$(inherited)",
					"@executable_path/Frameworks",
				);
				MARKETING_VERSION = 1.0;
				PRODUCT_BUNDLE_IDENTIFIER = com.moaz.Drape;
				PRODUCT_NAME = "$(TARGET_NAME)";
				SWIFT_EMIT_LOC_STRINGS = YES;
				SWIFT_VERSION = 5.0;
				TARGETED_DEVICE_FAMILY = "1,2";
			};
			name = Release;
		};
		41B03EB52FEFCE2F00521C14 /* Debug */ = {
			isa = XCBuildConfiguration;
			buildSettings = {
				ALWAYS_EMBED_SWIFT_STANDARD_LIBRARIES = YES;
				BUNDLE_LOADER = "$(TEST_HOST)";
				CODE_SIGN_STYLE = Automatic;
				CURRENT_PROJECT_VERSION = 1;
				GENERATE_INFOPLIST_FILE = YES;
				IPHONEOS_DEPLOYMENT_TARGET = 17.5;
				MARKETING_VERSION = 1.0;
				PRODUCT_BUNDLE_IDENTIFIER = com.moaz.DrapeTests;
				PRODUCT_NAME = "$(TARGET_NAME)";
				SWIFT_EMIT_LOC_STRINGS = NO;
				SWIFT_VERSION = 5.0;
				TARGETED_DEVICE_FAMILY = "1,2";
				TEST_HOST = "$(BUILT_PRODUCTS_DIR)/Drape.app/$(BUNDLE_EXECUTABLE_FOLDER_PATH)/Drape";
			};
			name = Debug;
		};
		41B03EB62FEFCE2F00521C14 /* Release */ = {
			isa = XCBuildConfiguration;
			buildSettings = {
				ALWAYS_EMBED_SWIFT_STANDARD_LIBRARIES = YES;
				BUNDLE_LOADER = "$(TEST_HOST)";
				CODE_SIGN_STYLE = Automatic;
				CURRENT_PROJECT_VERSION = 1;
				GENERATE_INFOPLIST_FILE = YES;
				IPHONEOS_DEPLOYMENT_TARGET = 17.5;
				MARKETING_VERSION = 1.0;
				PRODUCT_BUNDLE_IDENTIFIER = com.moaz.DrapeTests;
				PRODUCT_NAME = "$(TARGET_NAME)";
				SWIFT_EMIT_LOC_STRINGS = NO;
				SWIFT_VERSION = 5.0;
				TARGETED_DEVICE_FAMILY = "1,2";
				TEST_HOST = "$(BUILT_PRODUCTS_DIR)/Drape.app/$(BUNDLE_EXECUTABLE_FOLDER_PATH)/Drape";
			};
			name = Release;
		};
		41B03EB82FEFCE2F00521C14 /* Debug */ = {
			isa = XCBuildConfiguration;
			buildSettings = {
				ALWAYS_EMBED_SWIFT_STANDARD_LIBRARIES = YES;
				CODE_SIGN_STYLE = Automatic;
				CURRENT_PROJECT_VERSION = 1;
				GENERATE_INFOPLIST_FILE = YES;
				MARKETING_VERSION = 1.0;
				PRODUCT_BUNDLE_IDENTIFIER = com.moaz.DrapeUITests;
				PRODUCT_NAME = "$(TARGET_NAME)";
				SWIFT_EMIT_LOC_STRINGS = NO;
				SWIFT_VERSION = 5.0;
				TARGETED_DEVICE_FAMILY = "1,2";
				TEST_TARGET_NAME = Drape;
			};
			name = Debug;
		};
		41B03EB92FEFCE2F00521C14 /* Release */ = {
			isa = XCBuildConfiguration;
			buildSettings = {
				ALWAYS_EMBED_SWIFT_STANDARD_LIBRARIES = YES;
				CODE_SIGN_STYLE = Automatic;
				CURRENT_PROJECT_VERSION = 1;
				GENERATE_INFOPLIST_FILE = YES;
				MARKETING_VERSION = 1.0;
				PRODUCT_BUNDLE_IDENTIFIER = com.moaz.DrapeUITests;
				PRODUCT_NAME = "$(TARGET_NAME)";
				SWIFT_EMIT_LOC_STRINGS = NO;
				SWIFT_VERSION = 5.0;
				TARGETED_DEVICE_FAMILY = "1,2";
				TEST_TARGET_NAME = Drape;
			};
			name = Release;
		};
/* End XCBuildConfiguration section */

/* Begin XCConfigurationList section */
		41B03E862FEFCE2A00521C14 /* Build configuration list for PBXProject "Drape" */ = {
			isa = XCConfigurationList;
			buildConfigurations = (
				41B03EAF2FEFCE2F00521C14 /* Debug */,
				41B03EB02FEFCE2F00521C14 /* Release */,
			);
			defaultConfigurationIsVisible = 0;
			defaultConfigurationName = Release;
		};
		41B03EB12FEFCE2F00521C14 /* Build configuration list for PBXNativeTarget "Drape" */ = {
			isa = XCConfigurationList;
			buildConfigurations = (
				41B03EB22FEFCE2F00521C14 /* Debug */,
				41B03EB32FEFCE2F00521C14 /* Release */,
			);
			defaultConfigurationIsVisible = 0;
			defaultConfigurationName = Release;
		};
		41B03EB42FEFCE2F00521C14 /* Build configuration list for PBXNativeTarget "DrapeTests" */ = {
			isa = XCConfigurationList;
			buildConfigurations = (
				41B03EB52FEFCE2F00521C14 /* Debug */,
				41B03EB62FEFCE2F00521C14 /* Release */,
			);
			defaultConfigurationIsVisible = 0;
			defaultConfigurationName = Release;
		};
		41B03EB72FEFCE2F00521C14 /* Build configuration list for PBXNativeTarget "DrapeUITests" */ = {
			isa = XCConfigurationList;
			buildConfigurations = (
				41B03EB82FEFCE2F00521C14 /* Debug */,
				41B03EB92FEFCE2F00521C14 /* Release */,
			);
			defaultConfigurationIsVisible = 0;
			defaultConfigurationName = Release;
		};
/* End XCConfigurationList section */

/* Begin XCRemoteSwiftPackageReference section */
		41B03EBA2FEFD2C300521C14 /* XCRemoteSwiftPackageReference "Alamofire" */ = {
			isa = XCRemoteSwiftPackageReference;
			repositoryURL = "https://github.com/Alamofire/Alamofire.git";
			requirement = {
				kind = exactVersion;
				version = 5.1.0;
			};
		};
/* End XCRemoteSwiftPackageReference section */

/* Begin XCSwiftPackageProductDependency section */
		9FB047E42FF5C45E00F24615 /* Alamofire */ = {
			isa = XCSwiftPackageProductDependency;
			package = 41B03EBA2FEFD2C300521C14 /* XCRemoteSwiftPackageReference "Alamofire" */;
			productName = Alamofire;
		};
/* End XCSwiftPackageProductDependency section */
	};
	rootObject = 41B03E832FEFCE2A00521C14 /* Project object */;
}
