// !$*UTF8*$!
{
	archiveVersion = 1;
	classes = {
	};
	objectVersion = 56;
	objects = {

/* Begin PBXBuildFile section */
		3E15609B2FF02ACB00684C6A /* SignInView.swift in Sources */ = {isa = PBXBuildFile; fileRef = 3E15609A2FF02ACA00684C6A /* SignInView.swift */; };
		3E22129F2FF557D100770211 /* SignInUseCase.swift in Sources */ = {isa = PBXBuildFile; fileRef = 3E22129E2FF557D100770211 /* SignInUseCase.swift */; };
		3E2212A12FF5581000770211 /* SignInError.swift in Sources */ = {isa = PBXBuildFile; fileRef = 3E2212A02FF5581000770211 /* SignInError.swift */; };
		3E2212A32FF5593800770211 /* ShopifyCustomerSearchDto.swift in Sources */ = {isa = PBXBuildFile; fileRef = 3E2212A22FF5593800770211 /* ShopifyCustomerSearchDto.swift */; };
		3E2212A52FF559B200770211 /* SignInViewModel.swift in Sources */ = {isa = PBXBuildFile; fileRef = 3E2212A42FF559B200770211 /* SignInViewModel.swift */; };
		3EC1E4672FF5D5360047F42E /* AppRouter.swift in Sources */ = {isa = PBXBuildFile; fileRef = 3EC1E4642FF5D5360047F42E /* AppRouter.swift */; };
		3EC1E4682FF5D5360047F42E /* AppScreen.swift in Sources */ = {isa = PBXBuildFile; fileRef = 3EC1E4652FF5D5360047F42E /* AppScreen.swift */; };
		3EFC6DFE2FEFE482002FBB9B /* SplashScreen.swift in Sources */ = {isa = PBXBuildFile; fileRef = 3EFC6DFD2FEFE482002FBB9B /* SplashScreen.swift */; };
		3EFC6E012FEFEB5F002FBB9B /* drape_icon.png in Resources */ = {isa = PBXBuildFile; fileRef = 3EFC6DFF2FEFEB5E002FBB9B /* drape_icon.png */; };
		3EFC6E022FEFEB5F002FBB9B /* onboarding.png in Resources */ = {isa = PBXBuildFile; fileRef = 3EFC6E002FEFEB5E002FBB9B /* onboarding.png */; };
		3EFC6E052FEFEF1B002FBB9B /* OnBoardingScreen.swift in Sources */ = {isa = PBXBuildFile; fileRef = 3EFC6E042FEFEF1B002FBB9B /* OnBoardingScreen.swift */; };
		41B03E8F2FEFCE2A00521C14 /* DrapeApp.swift in Sources */ = {isa = PBXBuildFile; fileRef = 41B03E8E2FEFCE2A00521C14 /* DrapeApp.swift */; };
		41B03E912FEFCE2A00521C14 /* ContentView.swift in Sources */ = {isa = PBXBuildFile; fileRef = 41B03E902FEFCE2A00521C14 /* ContentView.swift */; };
		41B03E952FEFCE2E00521C14 /* Assets.xcassets in Resources */ = {isa = PBXBuildFile; fileRef = 41B03E942FEFCE2E00521C14 /* Assets.xcassets */; };
		41B03E982FEFCE2E00521C14 /* Preview Assets.xcassets in Resources */ = {isa = PBXBuildFile; fileRef = 41B03E972FEFCE2E00521C14 /* Preview Assets.xcassets */; };
		41B03EA22FEFCE2F00521C14 /* DrapeTests.swift in Sources */ = {isa = PBXBuildFile; fileRef = 41B03EA12FEFCE2F00521C14 /* DrapeTests.swift */; };
		41B03EAC2FEFCE2F00521C14 /* DrapeUITests.swift in Sources */ = {isa = PBXBuildFile; fileRef = 41B03EAB2FEFCE2F00521C14 /* DrapeUITests.swift */; };
		41B03EAE2FEFCE2F00521C14 /* DrapeUITestsLaunchTests.swift in Sources */ = {isa = PBXBuildFile; fileRef = 41B03EAD2FEFCE2F00521C14 /* DrapeUITestsLaunchTests.swift */; };
		41B03EC92FEFE34200521C14 /* CustomTextField.swift in Sources */ = {isa = PBXBuildFile; fileRef = 41B03EC82FEFE34200521C14 /* CustomTextField.swift */; };
		41B0DB312FF5B2510083D212 /* VariantDTO.swift in Sources */ = {isa = PBXBuildFile; fileRef = 41B0DB302FF5B2510083D212 /* VariantDTO.swift */; };
		41B0DB332FF5B26B0083D212 /* ProductImageDTO.swift in Sources */ = {isa = PBXBuildFile; fileRef = 41B0DB322FF5B26B0083D212 /* ProductImageDTO.swift */; };
		41B0DB382FF5B3FC0083D212 /* RecentSearchesRepositoryProtocol.swift in Sources */ = {isa = PBXBuildFile; fileRef = 41B0DB372FF5B3FC0083D212 /* RecentSearchesRepositoryProtocol.swift */; };
		41B0DB3A2FF5B40F0083D212 /* RecentSearchesLocalDataSource.swift in Sources */ = {isa = PBXBuildFile; fileRef = 41B0DB392FF5B40E0083D212 /* RecentSearchesLocalDataSource.swift */; };
		41B0DB3C2FF5B4230083D212 /* RecentSearchesRepositoryImpl.swift in Sources */ = {isa = PBXBuildFile; fileRef = 41B0DB3B2FF5B4230083D212 /* RecentSearchesRepositoryImpl.swift */; };
		41BC1F702FF4FA3C00985A5F /* CustomSearchField.swift in Sources */ = {isa = PBXBuildFile; fileRef = 41BC1F6F2FF4FA3C00985A5F /* CustomSearchField.swift */; };
		41BC1F752FF4FA7A00985A5F /* SearchView.swift in Sources */ = {isa = PBXBuildFile; fileRef = 41BC1F742FF4FA7A00985A5F /* SearchView.swift */; };
		41BC1F782FF4FE7700985A5F /* RecentSearchItemView.swift in Sources */ = {isa = PBXBuildFile; fileRef = 41BC1F772FF4FE7700985A5F /* RecentSearchItemView.swift */; };
		41BC1F7A2FF4FF6300985A5F /* Color+Extenstions.swift in Sources */ = {isa = PBXBuildFile; fileRef = 41BC1F792FF4FF6300985A5F /* Color+Extenstions.swift */; };
		41BC1F7C2FF4FFFE00985A5F /* RecentSearchListView.swift in Sources */ = {isa = PBXBuildFile; fileRef = 41BC1F7B2FF4FFFE00985A5F /* RecentSearchListView.swift */; };
		41BC1F7E2FF5016400985A5F /* RecentSearchSectionView.swift in Sources */ = {isa = PBXBuildFile; fileRef = 41BC1F7D2FF5016400985A5F /* RecentSearchSectionView.swift */; };
		41BC1F802FF5027500985A5F /* RecentSearchHeaderView.swift in Sources */ = {isa = PBXBuildFile; fileRef = 41BC1F7F2FF5027500985A5F /* RecentSearchHeaderView.swift */; };
		41BC1F822FF50D2500985A5F /* SearchItemView.swift in Sources */ = {isa = PBXBuildFile; fileRef = 41BC1F812FF50D2500985A5F /* SearchItemView.swift */; };
		41BC1F842FF50F9900985A5F /* SearchListView.swift in Sources */ = {isa = PBXBuildFile; fileRef = 41BC1F832FF50F9900985A5F /* SearchListView.swift */; };
		41BC1F862FF5111A00985A5F /* NoResultsFoundStateView.swift in Sources */ = {isa = PBXBuildFile; fileRef = 41BC1F852FF5111A00985A5F /* NoResultsFoundStateView.swift */; };
		41BC1F8A2FF52B3800985A5F /* HTTPMethod.swift in Sources */ = {isa = PBXBuildFile; fileRef = 41BC1F892FF52B3800985A5F /* HTTPMethod.swift */; };
		41BC1F8C2FF52B4D00985A5F /* NetworkError.swift in Sources */ = {isa = PBXBuildFile; fileRef = 41BC1F8B2FF52B4D00985A5F /* NetworkError.swift */; };
		41BC1F8E2FF52B7100985A5F /* APIEndpoint.swift in Sources */ = {isa = PBXBuildFile; fileRef = 41BC1F8D2FF52B7100985A5F /* APIEndpoint.swift */; };
		41BC1F902FF52B9B00985A5F /* NetworkService.swift in Sources */ = {isa = PBXBuildFile; fileRef = 41BC1F8F2FF52B9B00985A5F /* NetworkService.swift */; };
		41BC1F932FF52BDC00985A5F /* ShopifyConfig.swift in Sources */ = {isa = PBXBuildFile; fileRef = 41BC1F922FF52BDC00985A5F /* ShopifyConfig.swift */; };
		41BC1F972FF52C3B00985A5F /* ProductDTO.swift in Sources */ = {isa = PBXBuildFile; fileRef = 41BC1F962FF52C3B00985A5F /* ProductDTO.swift */; };
		41BC1F9A2FF52C7100985A5F /* SearchRemoteDataSource.swift in Sources */ = {isa = PBXBuildFile; fileRef = 41BC1F992FF52C7100985A5F /* SearchRemoteDataSource.swift */; };
		41BC1F9C2FF52D0000985A5F /* SearchEndpoint.swift in Sources */ = {isa = PBXBuildFile; fileRef = 41BC1F9B2FF52D0000985A5F /* SearchEndpoint.swift */; };
		41BC1F9F2FF52DC000985A5F /* SearchRepositoryImpl.swift in Sources */ = {isa = PBXBuildFile; fileRef = 41BC1F9E2FF52DC000985A5F /* SearchRepositoryImpl.swift */; };
		41BC1FA32FF52E1300985A5F /* SearchRepositoryProtocol .swift in Sources */ = {isa = PBXBuildFile; fileRef = 41BC1FA22FF52E1300985A5F /* SearchRepositoryProtocol .swift */; };
		41BC1FA62FF52E3700985A5F /* FetchAllProductsUseCase.swift in Sources */ = {isa = PBXBuildFile; fileRef = 41BC1FA52FF52E3700985A5F /* FetchAllProductsUseCase.swift */; };
		41BC1FA92FF52E6600985A5F /* Product.swift in Sources */ = {isa = PBXBuildFile; fileRef = 41BC1FA82FF52E6600985A5F /* Product.swift */; };
		41BC1FAC2FF52F3B00985A5F /* SearchViewModel.swift in Sources */ = {isa = PBXBuildFile; fileRef = 41BC1FAB2FF52F3B00985A5F /* SearchViewModel.swift */; };
		6D06211B2FF01C0300C9B2D2 /* SignupView.swift in Sources */ = {isa = PBXBuildFile; fileRef = 6D06211A2FF01C0300C9B2D2 /* SignupView.swift */; };
		6D46B3872FF5FA2000586940 /* Secrets.xcconfig in Resources */ = {isa = PBXBuildFile; fileRef = 6D46B3862FF5FA2000586940 /* Secrets.xcconfig */; };
		6D46B38A2FF5FAFC00586940 /* ShopifyRemoteDataSource.swift in Sources */ = {isa = PBXBuildFile; fileRef = 6D46B3892FF5FAFC00586940 /* ShopifyRemoteDataSource.swift */; };
		6D46B38C2FF600A800586940 /* ShopifyAuthEndpoint.swift in Sources */ = {isa = PBXBuildFile; fileRef = 6D46B38B2FF600A800586940 /* ShopifyAuthEndpoint.swift */; };
		6D718AC12FF2C4FA009263ED /* Signup_ViewModel.swift in Sources */ = {isa = PBXBuildFile; fileRef = 6D718AC02FF2C4FA009263ED /* Signup_ViewModel.swift */; };
		6D9ABED32FF4117700C60D08 /* FirebaseAuth in Frameworks */ = {isa = PBXBuildFile; productRef = 6D9ABED22FF4117700C60D08 /* FirebaseAuth */; };
		6D9ABED52FF4117700C60D08 /* FirebaseFunctions in Frameworks */ = {isa = PBXBuildFile; productRef = 6D9ABED42FF4117700C60D08 /* FirebaseFunctions */; };
		6D9C9A8B2FF430D700C8AA09 /* AppUser.swift in Sources */ = {isa = PBXBuildFile; fileRef = 6D9C9A8A2FF430D700C8AA09 /* AppUser.swift */; };
		6D9C9A8E2FF4310A00C8AA09 /* AuthRepositoryProtocol.swift in Sources */ = {isa = PBXBuildFile; fileRef = 6D9C9A8D2FF4310A00C8AA09 /* AuthRepositoryProtocol.swift */; };
		6D9C9A902FF4313A00C8AA09 /* CustomerRepositoryProtocol.swift in Sources */ = {isa = PBXBuildFile; fileRef = 6D9C9A8F2FF4313A00C8AA09 /* CustomerRepositoryProtocol.swift */; };
		6D9C9A922FF4315C00C8AA09 /* TokenStorageProtocol.swift in Sources */ = {isa = PBXBuildFile; fileRef = 6D9C9A912FF4315C00C8AA09 /* TokenStorageProtocol.swift */; };
		6D9C9A952FF4318400C8AA09 /* SignUpUseCase.swift in Sources */ = {isa = PBXBuildFile; fileRef = 6D9C9A942FF4318400C8AA09 /* SignUpUseCase.swift */; };
		6D9C9A982FF431D200C8AA09 /* SignUpError.swift in Sources */ = {isa = PBXBuildFile; fileRef = 6D9C9A972FF431D200C8AA09 /* SignUpError.swift */; };
		6D9C9A9B2FF431FC00C8AA09 /* KeychainStorage.swift in Sources */ = {isa = PBXBuildFile; fileRef = 6D9C9A9A2FF431FC00C8AA09 /* KeychainStorage.swift */; };
		6D9C9A9E2FF4323C00C8AA09 /* KeychainTokenStorage.swift in Sources */ = {isa = PBXBuildFile; fileRef = 6D9C9A9D2FF4323C00C8AA09 /* KeychainTokenStorage.swift */; };
		6D9C9AA02FF4326000C8AA09 /* FirebaseAuthRepository.swift in Sources */ = {isa = PBXBuildFile; fileRef = 6D9C9A9F2FF4326000C8AA09 /* FirebaseAuthRepository.swift */; };
		6D9C9AA22FF4329100C8AA09 /* ShopifyCustomerRepository.swift in Sources */ = {isa = PBXBuildFile; fileRef = 6D9C9AA12FF4329100C8AA09 /* ShopifyCustomerRepository.swift */; };
		6D9C9AA42FF4406E00C8AA09 /* GoogleService-Info.plist in Resources */ = {isa = PBXBuildFile; fileRef = 6D9C9AA32FF4406E00C8AA09 /* GoogleService-Info.plist */; };
		9F4DDE6A2FF06F4700B9D2F0 /* CustomButton.swift in Sources */ = {isa = PBXBuildFile; fileRef = 9F4DDE692FF06F4100B9D2F0 /* CustomButton.swift */; };
		9F7F65BB2FF0B4AA00974E84 /* HomeProductsGridView.swift in Sources */ = {isa = PBXBuildFile; fileRef = 9F7F65BA2FF0B4AA00974E84 /* HomeProductsGridView.swift */; };
		9FFBA2A72FF38A2600A0B28C /* HomeProductCard.swift in Sources */ = {isa = PBXBuildFile; fileRef = 9FFBA2A62FF38A2600A0B28C /* HomeProductCard.swift */; };
/* End PBXBuildFile section */

/* Begin PBXContainerItemProxy section */
		41B03E9E2FEFCE2F00521C14 /* PBXContainerItemProxy */ = {
			isa = PBXContainerItemProxy;
			containerPortal = 41B03E832FEFCE2A00521C14 /* Project object */;
			proxyType = 1;
			remoteGlobalIDString = 41B03E8A2FEFCE2A00521C14;
			remoteInfo = Drape;
		};
		41B03EA82FEFCE2F00521C14 /* PBXContainerItemProxy */ = {
			isa = PBXContainerItemProxy;
			containerPortal = 41B03E832FEFCE2A00521C14 /* Project object */;
			proxyType = 1;
			remoteGlobalIDString = 41B03E8A2FEFCE2A00521C14;
			remoteInfo = Drape;
		};
/* End PBXContainerItemProxy section */

/* Begin PBXFileReference section */
		3E15609A2FF02ACA00684C6A /* SignInView.swift */ = {isa = PBXFileReference; lastKnownFileType = sourcecode.swift; path = SignInView.swift; sourceTree = "<group>"; };
		3E22129E2FF557D100770211 /* SignInUseCase.swift */ = {isa = PBXFileReference; lastKnownFileType = sourcecode.swift; path = SignInUseCase.swift; sourceTree = "<group>"; };
		3E2212A02FF5581000770211 /* SignInError.swift */ = {isa = PBXFileReference; lastKnownFileType = sourcecode.swift; path = SignInError.swift; sourceTree = "<group>"; };
		3E2212A22FF5593800770211 /* ShopifyCustomerSearchDto.swift */ = {isa = PBXFileReference; lastKnownFileType = sourcecode.swift; path = ShopifyCustomerSearchDto.swift; sourceTree = "<group>"; };
		3E2212A42FF559B200770211 /* SignInViewModel.swift */ = {isa = PBXFileReference; lastKnownFileType = sourcecode.swift; path = SignInViewModel.swift; sourceTree = "<group>"; };
		3E2212A82FF56ED600770211 /* AppScreen.swift */ = {isa = PBXFileReference; lastKnownFileType = sourcecode.swift; path = AppScreen.swift; sourceTree = "<group>"; };
		3E2212AC2FF56F1200770211 /* AppRouter.swift */ = {isa = PBXFileReference; lastKnownFileType = sourcecode.swift; path = AppRouter.swift; sourceTree = "<group>"; };
		3EC1E4642FF5D5360047F42E /* AppRouter.swift */ = {isa = PBXFileReference; lastKnownFileType = sourcecode.swift; path = AppRouter.swift; sourceTree = "<group>"; };
		3EC1E4652FF5D5360047F42E /* AppScreen.swift */ = {isa = PBXFileReference; lastKnownFileType = sourcecode.swift; path = AppScreen.swift; sourceTree = "<group>"; };
		3EFC6DFD2FEFE482002FBB9B /* SplashScreen.swift */ = {isa = PBXFileReference; lastKnownFileType = sourcecode.swift; path = SplashScreen.swift; sourceTree = "<group>"; };
		3EFC6DFF2FEFEB5E002FBB9B /* drape_icon.png */ = {isa = PBXFileReference; lastKnownFileType = image.png; path = drape_icon.png; sourceTree = "<group>"; };
		3EFC6E002FEFEB5E002FBB9B /* onboarding.png */ = {isa = PBXFileReference; lastKnownFileType = image.png; path = onboarding.png; sourceTree = "<group>"; };
		3EFC6E042FEFEF1B002FBB9B /* OnBoardingScreen.swift */ = {isa = PBXFileReference; lastKnownFileType = sourcecode.swift; path = OnBoardingScreen.swift; sourceTree = "<group>"; };
		41B03E8B2FEFCE2A00521C14 /* Drape.app */ = {isa = PBXFileReference; explicitFileType = wrapper.application; includeInIndex = 0; path = Drape.app; sourceTree = BUILT_PRODUCTS_DIR; };
		41B03E8E2FEFCE2A00521C14 /* DrapeApp.swift */ = {isa = PBXFileReference; lastKnownFileType = sourcecode.swift; path = DrapeApp.swift; sourceTree = "<group>"; };
		41B03E902FEFCE2A00521C14 /* ContentView.swift */ = {isa = PBXFileReference; lastKnownFileType = sourcecode.swift; path = ContentView.swift; sourceTree = "<group>"; };
		41B03E942FEFCE2E00521C14 /* Assets.xcassets */ = {isa = PBXFileReference; lastKnownFileType = folder.assetcatalog; path = Assets.xcassets; sourceTree = "<group>"; };
		41B03E972FEFCE2E00521C14 /* Preview Assets.xcassets */ = {isa = PBXFileReference; lastKnownFileType = folder.assetcatalog; path = "Preview Assets.xcassets"; sourceTree = "<group>"; };
		41B03E9D2FEFCE2F00521C14 /* DrapeTests.xctest */ = {isa = PBXFileReference; explicitFileType = wrapper.cfbundle; includeInIndex = 0; path = DrapeTests.xctest; sourceTree = BUILT_PRODUCTS_DIR; };
		41B03EA12FEFCE2F00521C14 /* DrapeTests.swift */ = {isa = PBXFileReference; lastKnownFileType = sourcecode.swift; path = DrapeTests.swift; sourceTree = "<group>"; };
		41B03EA72FEFCE2F00521C14 /* DrapeUITests.xctest */ = {isa = PBXFileReference; explicitFileType = wrapper.cfbundle; includeInIndex = 0; path = DrapeUITests.xctest; sourceTree = BUILT_PRODUCTS_DIR; };
		41B03EAB2FEFCE2F00521C14 /* DrapeUITests.swift */ = {isa = PBXFileReference; lastKnownFileType = sourcecode.swift; path = DrapeUITests.swift; sourceTree = "<group>"; };
		41B03EAD2FEFCE2F00521C14 /* DrapeUITestsLaunchTests.swift */ = {isa = PBXFileReference; lastKnownFileType = sourcecode.swift; path = DrapeUITestsLaunchTests.swift; sourceTree = "<group>"; };
		41B03EC82FEFE34200521C14 /* CustomTextField.swift */ = {isa = PBXFileReference; lastKnownFileType = sourcecode.swift; path = CustomTextField.swift; sourceTree = "<group>"; };
		41B0DB2E2FF5B1950083D212 /* Info.plist */ = {isa = PBXFileReference; lastKnownFileType = text.plist; path = Info.plist; sourceTree = "<group>"; };
		41B0DB302FF5B2510083D212 /* VariantDTO.swift */ = {isa = PBXFileReference; lastKnownFileType = sourcecode.swift; path = VariantDTO.swift; sourceTree = "<group>"; };
		41B0DB322FF5B26B0083D212 /* ProductImageDTO.swift */ = {isa = PBXFileReference; lastKnownFileType = sourcecode.swift; path = ProductImageDTO.swift; sourceTree = "<group>"; };
		41B0DB372FF5B3FC0083D212 /* RecentSearchesRepositoryProtocol.swift */ = {isa = PBXFileReference; lastKnownFileType = sourcecode.swift; path = RecentSearchesRepositoryProtocol.swift; sourceTree = "<group>"; };
		41B0DB392FF5B40E0083D212 /* RecentSearchesLocalDataSource.swift */ = {isa = PBXFileReference; lastKnownFileType = sourcecode.swift; path = RecentSearchesLocalDataSource.swift; sourceTree = "<group>"; };
		41B0DB3B2FF5B4230083D212 /* RecentSearchesRepositoryImpl.swift */ = {isa = PBXFileReference; lastKnownFileType = sourcecode.swift; path = RecentSearchesRepositoryImpl.swift; sourceTree = "<group>"; };
		41BC1F6F2FF4FA3C00985A5F /* CustomSearchField.swift */ = {isa = PBXFileReference; lastKnownFileType = sourcecode.swift; path = CustomSearchField.swift; sourceTree = "<group>"; };
		41BC1F742FF4FA7A00985A5F /* SearchView.swift */ = {isa = PBXFileReference; lastKnownFileType = sourcecode.swift; path = SearchView.swift; sourceTree = "<group>"; };
		41BC1F772FF4FE7700985A5F /* RecentSearchItemView.swift */ = {isa = PBXFileReference; lastKnownFileType = sourcecode.swift; path = RecentSearchItemView.swift; sourceTree = "<group>"; };
		41BC1F792FF4FF6300985A5F /* Color+Extenstions.swift */ = {isa = PBXFileReference; lastKnownFileType = sourcecode.swift; path = "Color+Extenstions.swift"; sourceTree = "<group>"; };
		41BC1F7B2FF4FFFE00985A5F /* RecentSearchListView.swift */ = {isa = PBXFileReference; lastKnownFileType = sourcecode.swift; path = RecentSearchListView.swift; sourceTree = "<group>"; };
		41BC1F7D2FF5016400985A5F /* RecentSearchSectionView.swift */ = {isa = PBXFileReference; lastKnownFileType = sourcecode.swift; path = RecentSearchSectionView.swift; sourceTree = "<group>"; };
		41BC1F7F2FF5027500985A5F /* RecentSearchHeaderView.swift */ = {isa = PBXFileReference; lastKnownFileType = sourcecode.swift; path = RecentSearchHeaderView.swift; sourceTree = "<group>"; };
		41BC1F812FF50D2500985A5F /* SearchItemView.swift */ = {isa = PBXFileReference; lastKnownFileType = sourcecode.swift; path = SearchItemView.swift; sourceTree = "<group>"; };
		41BC1F832FF50F9900985A5F /* SearchListView.swift */ = {isa = PBXFileReference; lastKnownFileType = sourcecode.swift; path = SearchListView.swift; sourceTree = "<group>"; };
		41BC1F852FF5111A00985A5F /* NoResultsFoundStateView.swift */ = {isa = PBXFileReference; lastKnownFileType = sourcecode.swift; path = NoResultsFoundStateView.swift; sourceTree = "<group>"; };
		41BC1F892FF52B3800985A5F /* HTTPMethod.swift */ = {isa = PBXFileReference; lastKnownFileType = sourcecode.swift; path = HTTPMethod.swift; sourceTree = "<group>"; };
		41BC1F8B2FF52B4D00985A5F /* NetworkError.swift */ = {isa = PBXFileReference; lastKnownFileType = sourcecode.swift; path = NetworkError.swift; sourceTree = "<group>"; };
		41BC1F8D2FF52B7100985A5F /* APIEndpoint.swift */ = {isa = PBXFileReference; lastKnownFileType = sourcecode.swift; path = APIEndpoint.swift; sourceTree = "<group>"; };
		41BC1F8F2FF52B9B00985A5F /* NetworkService.swift */ = {isa = PBXFileReference; lastKnownFileType = sourcecode.swift; path = NetworkService.swift; sourceTree = "<group>"; };
		41BC1F922FF52BDC00985A5F /* ShopifyConfig.swift */ = {isa = PBXFileReference; lastKnownFileType = sourcecode.swift; path = ShopifyConfig.swift; sourceTree = "<group>"; };
		41BC1F962FF52C3B00985A5F /* ProductDTO.swift */ = {isa = PBXFileReference; lastKnownFileType = sourcecode.swift; path = ProductDTO.swift; sourceTree = "<group>"; };
		41BC1F992FF52C7100985A5F /* SearchRemoteDataSource.swift */ = {isa = PBXFileReference; lastKnownFileType = sourcecode.swift; path = SearchRemoteDataSource.swift; sourceTree = "<group>"; };
		41BC1F9B2FF52D0000985A5F /* SearchEndpoint.swift */ = {isa = PBXFileReference; lastKnownFileType = sourcecode.swift; path = SearchEndpoint.swift; sourceTree = "<group>"; };
		41BC1F9E2FF52DC000985A5F /* SearchRepositoryImpl.swift */ = {isa = PBXFileReference; lastKnownFileType = sourcecode.swift; path = SearchRepositoryImpl.swift; sourceTree = "<group>"; };
		41BC1FA22FF52E1300985A5F /* SearchRepositoryProtocol .swift */ = {isa = PBXFileReference; lastKnownFileType = sourcecode.swift; path = "SearchRepositoryProtocol .swift"; sourceTree = "<group>"; };
		41BC1FA52FF52E3700985A5F /* FetchAllProductsUseCase.swift */ = {isa = PBXFileReference; lastKnownFileType = sourcecode.swift; path = FetchAllProductsUseCase.swift; sourceTree = "<group>"; };
		41BC1FA82FF52E6600985A5F /* Product.swift */ = {isa = PBXFileReference; lastKnownFileType = sourcecode.swift; path = Product.swift; sourceTree = "<group>"; };
		41BC1FAB2FF52F3B00985A5F /* SearchViewModel.swift */ = {isa = PBXFileReference; lastKnownFileType = sourcecode.swift; path = SearchViewModel.swift; sourceTree = "<group>"; };
		6D06211A2FF01C0300C9B2D2 /* SignupView.swift */ = {isa = PBXFileReference; lastKnownFileType = sourcecode.swift; path = SignupView.swift; sourceTree = "<group>"; };
		6D46B3862FF5FA2000586940 /* Secrets.xcconfig */ = {isa = PBXFileReference; lastKnownFileType = text.xcconfig; path = Secrets.xcconfig; sourceTree = "<group>"; };
		6D46B3892FF5FAFC00586940 /* ShopifyRemoteDataSource.swift */ = {isa = PBXFileReference; lastKnownFileType = sourcecode.swift; path = ShopifyRemoteDataSource.swift; sourceTree = "<group>"; };
		6D46B38B2FF600A800586940 /* ShopifyAuthEndpoint.swift */ = {isa = PBXFileReference; lastKnownFileType = sourcecode.swift; path = ShopifyAuthEndpoint.swift; sourceTree = "<group>"; };
		6D718AC02FF2C4FA009263ED /* Signup_ViewModel.swift */ = {isa = PBXFileReference; lastKnownFileType = sourcecode.swift; path = Signup_ViewModel.swift; sourceTree = "<group>"; };
		6D9C9A8A2FF430D700C8AA09 /* AppUser.swift */ = {isa = PBXFileReference; lastKnownFileType = sourcecode.swift; path = AppUser.swift; sourceTree = "<group>"; };
		6D9C9A8D2FF4310A00C8AA09 /* AuthRepositoryProtocol.swift */ = {isa = PBXFileReference; lastKnownFileType = sourcecode.swift; path = AuthRepositoryProtocol.swift; sourceTree = "<group>"; };
		6D9C9A8F2FF4313A00C8AA09 /* CustomerRepositoryProtocol.swift */ = {isa = PBXFileReference; lastKnownFileType = sourcecode.swift; path = CustomerRepositoryProtocol.swift; sourceTree = "<group>"; };
		6D9C9A912FF4315C00C8AA09 /* TokenStorageProtocol.swift */ = {isa = PBXFileReference; lastKnownFileType = sourcecode.swift; path = TokenStorageProtocol.swift; sourceTree = "<group>"; };
		6D9C9A942FF4318400C8AA09 /* SignUpUseCase.swift */ = {isa = PBXFileReference; lastKnownFileType = sourcecode.swift; path = SignUpUseCase.swift; sourceTree = "<group>"; };
		6D9C9A972FF431D200C8AA09 /* SignUpError.swift */ = {isa = PBXFileReference; lastKnownFileType = sourcecode.swift; path = SignUpError.swift; sourceTree = "<group>"; };
		6D9C9A9A2FF431FC00C8AA09 /* KeychainStorage.swift */ = {isa = PBXFileReference; lastKnownFileType = sourcecode.swift; path = KeychainStorage.swift; sourceTree = "<group>"; };
		6D9C9A9D2FF4323C00C8AA09 /* KeychainTokenStorage.swift */ = {isa = PBXFileReference; lastKnownFileType = sourcecode.swift; path = KeychainTokenStorage.swift; sourceTree = "<group>"; };
		6D9C9A9F2FF4326000C8AA09 /* FirebaseAuthRepository.swift */ = {isa = PBXFileReference; lastKnownFileType = sourcecode.swift; path = FirebaseAuthRepository.swift; sourceTree = "<group>"; };
		6D9C9AA12FF4329100C8AA09 /* ShopifyCustomerRepository.swift */ = {isa = PBXFileReference; lastKnownFileType = sourcecode.swift; path = ShopifyCustomerRepository.swift; sourceTree = "<group>"; };
		6D9C9AA32FF4406E00C8AA09 /* GoogleService-Info.plist */ = {isa = PBXFileReference; lastKnownFileType = text.plist.xml; path = "GoogleService-Info.plist"; sourceTree = "<group>"; };
		9F4DDE692FF06F4100B9D2F0 /* CustomButton.swift */ = {isa = PBXFileReference; lastKnownFileType = sourcecode.swift; path = CustomButton.swift; sourceTree = "<group>"; };
		9F7F65BA2FF0B4AA00974E84 /* HomeProductsGridView.swift */ = {isa = PBXFileReference; lastKnownFileType = sourcecode.swift; path = HomeProductsGridView.swift; sourceTree = "<group>"; };
		9FFBA2A62FF38A2600A0B28C /* HomeProductCard.swift */ = {isa = PBXFileReference; lastKnownFileType = sourcecode.swift; path = HomeProductCard.swift; sourceTree = "<group>"; };
/* End PBXFileReference section */

/* Begin PBXFrameworksBuildPhase section */
		41B03E882FEFCE2A00521C14 /* Frameworks */ = {
			isa = PBXFrameworksBuildPhase;
			buildActionMask = 2147483647;
			files = (
				6D9ABED32FF4117700C60D08 /* FirebaseAuth in Frameworks */,
				6D9ABED52FF4117700C60D08 /* FirebaseFunctions in Frameworks */,
			);
			runOnlyForDeploymentPostprocessing = 0;
		};
		41B03E9A2FEFCE2F00521C14 /* Frameworks */ = {
			isa = PBXFrameworksBuildPhase;
			buildActionMask = 2147483647;
			files = (
			);
			runOnlyForDeploymentPostprocessing = 0;
		};
		41B03EA42FEFCE2F00521C14 /* Frameworks */ = {
			isa = PBXFrameworksBuildPhase;
			buildActionMask = 2147483647;
			files = (
			);
			runOnlyForDeploymentPostprocessing = 0;
		};
/* End PBXFrameworksBuildPhase section */

/* Begin PBXGroup section */
		3EC1E4632FF5D3FD0047F42E /* Recovered References */ = {
			isa = PBXGroup;
			children = (
				3E2212AC2FF56F1200770211 /* AppRouter.swift */,
				3E2212A82FF56ED600770211 /* AppScreen.swift */,
			);
			name = "Recovered References";
			sourceTree = "<group>";
		};
		3EC1E4662FF5D5360047F42E /* Navigation */ = {
			isa = PBXGroup;
			children = (
				3EC1E4642FF5D5360047F42E /* AppRouter.swift */,
				3EC1E4652FF5D5360047F42E /* AppScreen.swift */,
			);
			path = Navigation;
			sourceTree = "<group>";
		};
		3EFC6DFC2FEFE44E002FBB9B /* Splash */ = {
			isa = PBXGroup;
			children = (
				3EFC6DFD2FEFE482002FBB9B /* SplashScreen.swift */,
			);
			path = Splash;
			sourceTree = "<group>";
		};
		3EFC6E032FEFEEEC002FBB9B /* OnBoarding */ = {
			isa = PBXGroup;
			children = (
				3EFC6E042FEFEF1B002FBB9B /* OnBoardingScreen.swift */,
			);
			path = OnBoarding;
			sourceTree = "<group>";
		};
		41B03E822FEFCE2A00521C14 = {
			isa = PBXGroup;
			children = (
				41B03E8D2FEFCE2A00521C14 /* Drape */,
				41B03EA02FEFCE2F00521C14 /* DrapeTests */,
				41B03EAA2FEFCE2F00521C14 /* DrapeUITests */,
				41B03E8C2FEFCE2A00521C14 /* Products */,
				6D9C9AA32FF4406E00C8AA09 /* GoogleService-Info.plist */,
				3EC1E4632FF5D3FD0047F42E /* Recovered References */,
			);
			sourceTree = "<group>";
		};
		41B03E8C2FEFCE2A00521C14 /* Products */ = {
			isa = PBXGroup;
			children = (
				41B03E8B2FEFCE2A00521C14 /* Drape.app */,
				41B03E9D2FEFCE2F00521C14 /* DrapeTests.xctest */,
				41B03EA72FEFCE2F00521C14 /* DrapeUITests.xctest */,
			);
			name = Products;
			sourceTree = "<group>";
		};
		41B03E8D2FEFCE2A00521C14 /* Drape */ = {
			isa = PBXGroup;
			children = (
				41B0DB2E2FF5B1950083D212 /* Info.plist */,
				41BC1F872FF52B1200985A5F /* Core */,
				41B0DB2F2FF5B2320083D212 /* Modules */,
				6D0621112FEFE5AC00C9B2D2 /* Auth */,
				9F4DDE682FF06F3700B9D2F0 /* Components */,
				41B03E8E2FEFCE2A00521C14 /* DrapeApp.swift */,
				41B03E902FEFCE2A00521C14 /* ContentView.swift */,
				41B03E942FEFCE2E00521C14 /* Assets.xcassets */,
				41B03E962FEFCE2E00521C14 /* Preview Content */,
				9F7F65BA2FF0B4AA00974E84 /* HomeProductsGridView.swift */,
				9FFBA2A62FF38A2600A0B28C /* HomeProductCard.swift */,
				6D46B3862FF5FA2000586940 /* Secrets.xcconfig */,
			);
			path = Drape;
			sourceTree = "<group>";
		};
		41B03E962FEFCE2E00521C14 /* Preview Content */ = {
			isa = PBXGroup;
			children = (
				3EFC6DFF2FEFEB5E002FBB9B /* drape_icon.png */,
				3EFC6E002FEFEB5E002FBB9B /* onboarding.png */,
				41B03E972FEFCE2E00521C14 /* Preview Assets.xcassets */,
			);
			path = "Preview Content";
			sourceTree = "<group>";
		};
		41B03EA02FEFCE2F00521C14 /* DrapeTests */ = {
			isa = PBXGroup;
			children = (
				41B03EA12FEFCE2F00521C14 /* DrapeTests.swift */,
			);
			path = DrapeTests;
			sourceTree = "<group>";
		};
		41B03EAA2FEFCE2F00521C14 /* DrapeUITests */ = {
			isa = PBXGroup;
			children = (
				41B03EAB2FEFCE2F00521C14 /* DrapeUITests.swift */,
				41B03EAD2FEFCE2F00521C14 /* DrapeUITestsLaunchTests.swift */,
			);
			path = DrapeUITests;
			sourceTree = "<group>";
		};
		41B0DB2F2FF5B2320083D212 /* Modules */ = {
			isa = PBXGroup;
			children = (
				3EFC6E032FEFEEEC002FBB9B /* OnBoarding */,
				3EFC6DFC2FEFE44E002FBB9B /* Splash */,
				41BC1F712FF4FA4400985A5F /* Search */,
			);
			path = Modules;
			sourceTree = "<group>";
		};
		41B0DB3D2FF5B6520083D212 /* Extenstions */ = {
			isa = PBXGroup;
			children = (
				41BC1F792FF4FF6300985A5F /* Color+Extenstions.swift */,
			);
			path = Extenstions;
			sourceTree = "<group>";
		};
		41BC1F712FF4FA4400985A5F /* Search */ = {
			isa = PBXGroup;
			children = (
				41BC1F942FF52C2700985A5F /* Data */,
				41BC1FA02FF52DF400985A5F /* Domain */,
				41BC1F722FF4FA4E00985A5F /* Presentation */,
			);
			path = Search;
			sourceTree = "<group>";
		};
		41BC1F722FF4FA4E00985A5F /* Presentation */ = {
			isa = PBXGroup;
			children = (
				41BC1FAA2FF52F2A00985A5F /* ViewModels */,
				41BC1F732FF4FA5C00985A5F /* Views */,
			);
			path = Presentation;
			sourceTree = "<group>";
		};
		41BC1F732FF4FA5C00985A5F /* Views */ = {
			isa = PBXGroup;
			children = (
				41BC1F762FF4FE5000985A5F /* Components */,
				41BC1F742FF4FA7A00985A5F /* SearchView.swift */,
			);
			path = Views;
			sourceTree = "<group>";
		};
		41BC1F762FF4FE5000985A5F /* Components */ = {
			isa = PBXGroup;
			children = (
				41BC1F772FF4FE7700985A5F /* RecentSearchItemView.swift */,
				41BC1F7B2FF4FFFE00985A5F /* RecentSearchListView.swift */,
				41BC1F7D2FF5016400985A5F /* RecentSearchSectionView.swift */,
				41BC1F7F2FF5027500985A5F /* RecentSearchHeaderView.swift */,
				41BC1F812FF50D2500985A5F /* SearchItemView.swift */,
				41BC1F832FF50F9900985A5F /* SearchListView.swift */,
				41BC1F852FF5111A00985A5F /* NoResultsFoundStateView.swift */,
			);
			path = Components;
			sourceTree = "<group>";
		};
		41BC1F872FF52B1200985A5F /* Core */ = {
			isa = PBXGroup;
			children = (
				41B0DB3D2FF5B6520083D212 /* Extenstions */,
				41BC1F912FF52BD100985A5F /* Config */,
				41BC1F882FF52B2C00985A5F /* Network */,
				3EC1E4662FF5D5360047F42E /* Navigation */,
			);
			path = Core;
			sourceTree = "<group>";
		};
		41BC1F882FF52B2C00985A5F /* Network */ = {
			isa = PBXGroup;
			children = (
				41BC1F892FF52B3800985A5F /* HTTPMethod.swift */,
				41BC1F8B2FF52B4D00985A5F /* NetworkError.swift */,
				41BC1F8D2FF52B7100985A5F /* APIEndpoint.swift */,
				41BC1F8F2FF52B9B00985A5F /* NetworkService.swift */,
			);
			path = Network;
			sourceTree = "<group>";
		};
		41BC1F912FF52BD100985A5F /* Config */ = {
			isa = PBXGroup;
			children = (
				41BC1F922FF52BDC00985A5F /* ShopifyConfig.swift */,
			);
			path = Config;
			sourceTree = "<group>";
		};
		41BC1F942FF52C2700985A5F /* Data */ = {
			isa = PBXGroup;
			children = (
				41BC1F952FF52C3200985A5F /* Models */,
				41BC1F982FF52C5D00985A5F /* DataSources */,
				41BC1F9D2FF52DB600985A5F /* Repositories */,
			);
			path = Data;
			sourceTree = "<group>";
		};
		41BC1F952FF52C3200985A5F /* Models */ = {
			isa = PBXGroup;
			children = (
				41BC1F962FF52C3B00985A5F /* ProductDTO.swift */,
				41B0DB302FF5B2510083D212 /* VariantDTO.swift */,
				41B0DB322FF5B26B0083D212 /* ProductImageDTO.swift */,
			);
			path = Models;
			sourceTree = "<group>";
		};
		41BC1F982FF52C5D00985A5F /* DataSources */ = {
			isa = PBXGroup;
			children = (
				41BC1F992FF52C7100985A5F /* SearchRemoteDataSource.swift */,
				41BC1F9B2FF52D0000985A5F /* SearchEndpoint.swift */,
				41B0DB392FF5B40E0083D212 /* RecentSearchesLocalDataSource.swift */,
			);
			path = DataSources;
			sourceTree = "<group>";
		};
		41BC1F9D2FF52DB600985A5F /* Repositories */ = {
			isa = PBXGroup;
			children = (
				41BC1F9E2FF52DC000985A5F /* SearchRepositoryImpl.swift */,
				41B0DB3B2FF5B4230083D212 /* RecentSearchesRepositoryImpl.swift */,
			);
			path = Repositories;
			sourceTree = "<group>";
		};
		41BC1FA02FF52DF400985A5F /* Domain */ = {
			isa = PBXGroup;
			children = (
				41BC1FA72FF52E5C00985A5F /* Entities */,
				41BC1FA42FF52E2B00985A5F /* UseCases */,
				41BC1FA12FF52E0A00985A5F /* Repositories */,
			);
			path = Domain;
			sourceTree = "<group>";
		};
		41BC1FA12FF52E0A00985A5F /* Repositories */ = {
			isa = PBXGroup;
			children = (
				41BC1FA22FF52E1300985A5F /* SearchRepositoryProtocol .swift */,
				41B0DB372FF5B3FC0083D212 /* RecentSearchesRepositoryProtocol.swift */,
			);
			path = Repositories;
			sourceTree = "<group>";
		};
		41BC1FA42FF52E2B00985A5F /* UseCases */ = {
			isa = PBXGroup;
			children = (
				41BC1FA52FF52E3700985A5F /* FetchAllProductsUseCase.swift */,
			);
			path = UseCases;
			sourceTree = "<group>";
		};
		41BC1FA72FF52E5C00985A5F /* Entities */ = {
			isa = PBXGroup;
			children = (
				41BC1FA82FF52E6600985A5F /* Product.swift */,
			);
			path = Entities;
			sourceTree = "<group>";
		};
		41BC1FAA2FF52F2A00985A5F /* ViewModels */ = {
			isa = PBXGroup;
			children = (
				41BC1FAB2FF52F3B00985A5F /* SearchViewModel.swift */,
			);
			path = ViewModels;
			sourceTree = "<group>";
		};
		6D06210D2FEFE5AC00C9B2D2 /* Data */ = {
			isa = PBXGroup;
			children = (
				6D46B3882FF5FA9900586940 /* DataSources */,
				6D9C9A9C2FF4322900C8AA09 /* Repositories */,
				6D9C9A992FF431E800C8AA09 /* Storage */,
			);
			path = Data;
			sourceTree = "<group>";
		};
		6D06210E2FEFE5AC00C9B2D2 /* Domain */ = {
			isa = PBXGroup;
			children = (
				6D9C9A962FF431BC00C8AA09 /* Errors */,
				6D9C9A932FF4316C00C8AA09 /* UseCases */,
				6D9C9A8C2FF430F600C8AA09 /* Repositories */,
				6D9C9A892FF430B200C8AA09 /* Entiites */,
			);
			path = Domain;
			sourceTree = "<group>";
		};
		6D06210F2FEFE5AC00C9B2D2 /* View */ = {
			isa = PBXGroup;
			children = (
				6D06211A2FF01C0300C9B2D2 /* SignupView.swift */,
				3E15609A2FF02ACA00684C6A /* SignInView.swift */,
			);
			path = View;
			sourceTree = "<group>";
		};
		6D0621102FEFE5AC00C9B2D2 /* Presentation */ = {
			isa = PBXGroup;
			children = (
				6D826CEB2FF1D8F200181684 /* ViewModel */,
				6D06210F2FEFE5AC00C9B2D2 /* View */,
			);
			path = Presentation;
			sourceTree = "<group>";
		};
		6D0621112FEFE5AC00C9B2D2 /* Auth */ = {
			isa = PBXGroup;
			children = (
				6D06210D2FEFE5AC00C9B2D2 /* Data */,
				6D06210E2FEFE5AC00C9B2D2 /* Domain */,
				6D0621102FEFE5AC00C9B2D2 /* Presentation */,
			);
			path = Auth;
			sourceTree = "<group>";
		};
		6D46B3882FF5FA9900586940 /* DataSources */ = {
			isa = PBXGroup;
			children = (
				6D46B3892FF5FAFC00586940 /* ShopifyRemoteDataSource.swift */,
				6D46B38B2FF600A800586940 /* ShopifyAuthEndpoint.swift */,
			);
			path = DataSources;
			sourceTree = "<group>";
		};
		6D826CEB2FF1D8F200181684 /* ViewModel */ = {
			isa = PBXGroup;
			children = (
				6D718AC02FF2C4FA009263ED /* Signup_ViewModel.swift */,
				3E2212A42FF559B200770211 /* SignInViewModel.swift */,
			);
			path = ViewModel;
			sourceTree = "<group>";
		};
		6D9C9A892FF430B200C8AA09 /* Entiites */ = {
			isa = PBXGroup;
			children = (
				6D9C9A8A2FF430D700C8AA09 /* AppUser.swift */,
				3E2212A22FF5593800770211 /* ShopifyCustomerSearchDto.swift */,
			);
			path = Entiites;
			sourceTree = "<group>";
		};
		6D9C9A8C2FF430F600C8AA09 /* Repositories */ = {
			isa = PBXGroup;
			children = (
				6D9C9A8D2FF4310A00C8AA09 /* AuthRepositoryProtocol.swift */,
				6D9C9A8F2FF4313A00C8AA09 /* CustomerRepositoryProtocol.swift */,
				6D9C9A912FF4315C00C8AA09 /* TokenStorageProtocol.swift */,
			);
			path = Repositories;
			sourceTree = "<group>";
		};
		6D9C9A932FF4316C00C8AA09 /* UseCases */ = {
			isa = PBXGroup;
			children = (
				6D9C9A942FF4318400C8AA09 /* SignUpUseCase.swift */,
				3E22129E2FF557D100770211 /* SignInUseCase.swift */,
			);
			path = UseCases;
			sourceTree = "<group>";
		};
		6D9C9A962FF431BC00C8AA09 /* Errors */ = {
			isa = PBXGroup;
			children = (
				6D9C9A972FF431D200C8AA09 /* SignUpError.swift */,
				3E2212A02FF5581000770211 /* SignInError.swift */,
			);
			path = Errors;
			sourceTree = "<group>";
		};
		6D9C9A992FF431E800C8AA09 /* Storage */ = {
			isa = PBXGroup;
			children = (
				6D9C9A9A2FF431FC00C8AA09 /* KeychainStorage.swift */,
			);
			path = Storage;
			sourceTree = "<group>";
		};
		6D9C9A9C2FF4322900C8AA09 /* Repositories */ = {
			isa = PBXGroup;
			children = (
				6D9C9A9D2FF4323C00C8AA09 /* KeychainTokenStorage.swift */,
				6D9C9A9F2FF4326000C8AA09 /* FirebaseAuthRepository.swift */,
				6D9C9AA12FF4329100C8AA09 /* ShopifyCustomerRepository.swift */,
			);
			path = Repositories;
			sourceTree = "<group>";
		};
		9F4DDE682FF06F3700B9D2F0 /* Components */ = {
			isa = PBXGroup;
			children = (
				9F4DDE692FF06F4100B9D2F0 /* CustomButton.swift */,
				41B03EC82FEFE34200521C14 /* CustomTextField.swift */,
				41BC1F6F2FF4FA3C00985A5F /* CustomSearchField.swift */,
			);
			path = Components;
			sourceTree = "<group>";
		};
/* End PBXGroup section */

/* Begin PBXNativeTarget section */
		41B03E8A2FEFCE2A00521C14 /* Drape */ = {
			isa = PBXNativeTarget;
			buildConfigurationList = 41B03EB12FEFCE2F00521C14 /* Build configuration list for PBXNativeTarget "Drape" */;
			buildPhases = (
				41B03E872FEFCE2A00521C14 /* Sources */,
				41B03E882FEFCE2A00521C14 /* Frameworks */,
				41B03E892FEFCE2A00521C14 /* Resources */,
			);
			buildRules = (
			);
			dependencies = (
			);
			name = Drape;
			productName = Drape;
			productReference = 41B03E8B2FEFCE2A00521C14 /* Drape.app */;
			productType = "com.apple.product-type.application";
		};
		41B03E9C2FEFCE2F00521C14 /* DrapeTests */ = {
			isa = PBXNativeTarget;
			buildConfigurationList = 41B03EB42FEFCE2F00521C14 /* Build configuration list for PBXNativeTarget "DrapeTests" */;
			buildPhases = (
				41B03E992FEFCE2F00521C14 /* Sources */,
				41B03E9A2FEFCE2F00521C14 /* Frameworks */,
				41B03E9B2FEFCE2F00521C14 /* Resources */,
			);
			buildRules = (
			);
			dependencies = (
				41B03E9F2FEFCE2F00521C14 /* PBXTargetDependency */,
			);
			name = DrapeTests;
			productName = DrapeTests;
			productReference = 41B03E9D2FEFCE2F00521C14 /* DrapeTests.xctest */;
			productType = "com.apple.product-type.bundle.unit-test";
		};
		41B03EA62FEFCE2F00521C14 /* DrapeUITests */ = {
			isa = PBXNativeTarget;
			buildConfigurationList = 41B03EB72FEFCE2F00521C14 /* Build configuration list for PBXNativeTarget "DrapeUITests" */;
			buildPhases = (
				41B03EA32FEFCE2F00521C14 /* Sources */,
				41B03EA42FEFCE2F00521C14 /* Frameworks */,
				41B03EA52FEFCE2F00521C14 /* Resources */,
			);
			buildRules = (
			);
			dependencies = (
				41B03EA92FEFCE2F00521C14 /* PBXTargetDependency */,
			);
			name = DrapeUITests;
			productName = DrapeUITests;
			productReference = 41B03EA72FEFCE2F00521C14 /* DrapeUITests.xctest */;
			productType = "com.apple.product-type.bundle.ui-testing";
		};
/* End PBXNativeTarget section */

/* Begin PBXProject section */
		41B03E832FEFCE2A00521C14 /* Project object */ = {
			isa = PBXProject;
			attributes = {
				BuildIndependentTargetsInParallel = 1;
				LastSwiftUpdateCheck = 1540;
				LastUpgradeCheck = 1540;
				TargetAttributes = {
					41B03E8A2FEFCE2A00521C14 = {
						CreatedOnToolsVersion = 15.4;
					};
					41B03E9C2FEFCE2F00521C14 = {
						CreatedOnToolsVersion = 15.4;
						TestTargetID = 41B03E8A2FEFCE2A00521C14;
					};
					41B03EA62FEFCE2F00521C14 = {
						CreatedOnToolsVersion = 15.4;
						TestTargetID = 41B03E8A2FEFCE2A00521C14;
					};
				};
			};
			buildConfigurationList = 41B03E862FEFCE2A00521C14 /* Build configuration list for PBXProject "Drape" */;
			compatibilityVersion = "Xcode 14.0";
			developmentRegion = en;
			hasScannedForEncodings = 0;
			knownRegions = (
				en,
				Base,
			);
			mainGroup = 41B03E822FEFCE2A00521C14;
			packageReferences = (
				41B03EBA2FEFD2C300521C14 /* XCRemoteSwiftPackageReference "Alamofire" */,
				6D9ABED12FF4117700C60D08 /* XCRemoteSwiftPackageReference "firebase-ios-sdk" */,
			);
			productRefGroup = 41B03E8C2FEFCE2A00521C14 /* Products */;
			projectDirPath = "";
			projectRoot = "";
			targets = (
				41B03E8A2FEFCE2A00521C14 /* Drape */,
				41B03E9C2FEFCE2F00521C14 /* DrapeTests */,
				41B03EA62FEFCE2F00521C14 /* DrapeUITests */,
			);
		};
/* End PBXProject section */

/* Begin PBXResourcesBuildPhase section */
		41B03E892FEFCE2A00521C14 /* Resources */ = {
			isa = PBXResourcesBuildPhase;
			buildActionMask = 2147483647;
			files = (
				3EFC6E012FEFEB5F002FBB9B /* drape_icon.png in Resources */,
				3EFC6E022FEFEB5F002FBB9B /* onboarding.png in Resources */,
				6D46B3872FF5FA2000586940 /* Secrets.xcconfig in Resources */,
				6D9C9AA42FF4406E00C8AA09 /* GoogleService-Info.plist in Resources */,
				41B03E982FEFCE2E00521C14 /* Preview Assets.xcassets in Resources */,
				41B03E952FEFCE2E00521C14 /* Assets.xcassets in Resources */,
			);
			runOnlyForDeploymentPostprocessing = 0;
		};
		41B03E9B2FEFCE2F00521C14 /* Resources */ = {
			isa = PBXResourcesBuildPhase;
			buildActionMask = 2147483647;
			files = (
			);
			runOnlyForDeploymentPostprocessing = 0;
		};
		41B03EA52FEFCE2F00521C14 /* Resources */ = {
			isa = PBXResourcesBuildPhase;
			buildActionMask = 2147483647;
			files = (
			);
			runOnlyForDeploymentPostprocessing = 0;
		};
/* End PBXResourcesBuildPhase section */

/* Begin PBXSourcesBuildPhase section */
		41B03E872FEFCE2A00521C14 /* Sources */ = {
			isa = PBXSourcesBuildPhase;
			buildActionMask = 2147483647;
			files = (
				41BC1FA32FF52E1300985A5F /* SearchRepositoryProtocol .swift in Sources */,
				41BC1F9C2FF52D0000985A5F /* SearchEndpoint.swift in Sources */,
				41BC1F902FF52B9B00985A5F /* NetworkService.swift in Sources */,
				41BC1F8A2FF52B3800985A5F /* HTTPMethod.swift in Sources */,
				41BC1F822FF50D2500985A5F /* SearchItemView.swift in Sources */,
				41BC1F972FF52C3B00985A5F /* ProductDTO.swift in Sources */,
				41B03EC92FEFE34200521C14 /* CustomTextField.swift in Sources */,
				41B0DB312FF5B2510083D212 /* VariantDTO.swift in Sources */,
				41BC1F752FF4FA7A00985A5F /* SearchView.swift in Sources */,
				41BC1F842FF50F9900985A5F /* SearchListView.swift in Sources */,
				41BC1F802FF5027500985A5F /* RecentSearchHeaderView.swift in Sources */,
				9F7F65BB2FF0B4AA00974E84 /* HomeProductsGridView.swift in Sources */,
				41BC1F8E2FF52B7100985A5F /* APIEndpoint.swift in Sources */,
				6D06211B2FF01C0300C9B2D2 /* SignupView.swift in Sources */,
				3E2212A32FF5593800770211 /* ShopifyCustomerSearchDto.swift in Sources */,
				3EFC6DFE2FEFE482002FBB9B /* SplashScreen.swift in Sources */,
				41BC1F862FF5111A00985A5F /* NoResultsFoundStateView.swift in Sources */,
				6D46B38A2FF5FAFC00586940 /* ShopifyRemoteDataSource.swift in Sources */,
				41BC1F8C2FF52B4D00985A5F /* NetworkError.swift in Sources */,
				41BC1F7A2FF4FF6300985A5F /* Color+Extenstions.swift in Sources */,
				41B03E912FEFCE2A00521C14 /* ContentView.swift in Sources */,
				41BC1FA92FF52E6600985A5F /* Product.swift in Sources */,
				41BC1F9F2FF52DC000985A5F /* SearchRepositoryImpl.swift in Sources */,
				9FFBA2A72FF38A2600A0B28C /* HomeProductCard.swift in Sources */,
				41B0DB3C2FF5B4230083D212 /* RecentSearchesRepositoryImpl.swift in Sources */,
				41BC1F7C2FF4FFFE00985A5F /* RecentSearchListView.swift in Sources */,
				41BC1FA62FF52E3700985A5F /* FetchAllProductsUseCase.swift in Sources */,
				41B0DB382FF5B3FC0083D212 /* RecentSearchesRepositoryProtocol.swift in Sources */,
				41BC1F932FF52BDC00985A5F /* ShopifyConfig.swift in Sources */,
				41B0DB332FF5B26B0083D212 /* ProductImageDTO.swift in Sources */,
				41BC1FAC2FF52F3B00985A5F /* SearchViewModel.swift in Sources */,
				41BC1F7E2FF5016400985A5F /* RecentSearchSectionView.swift in Sources */,
				3EC1E4672FF5D5360047F42E /* AppRouter.swift in Sources */,
				3EC1E4682FF5D5360047F42E /* AppScreen.swift in Sources */,
				41BC1F702FF4FA3C00985A5F /* CustomSearchField.swift in Sources */,
				41BC1F9A2FF52C7100985A5F /* SearchRemoteDataSource.swift in Sources */,
				41B0DB3A2FF5B40F0083D212 /* RecentSearchesLocalDataSource.swift in Sources */,
				41BC1F782FF4FE7700985A5F /* RecentSearchItemView.swift in Sources */,
				6D9C9A902FF4313A00C8AA09 /* CustomerRepositoryProtocol.swift in Sources */,
				3E22129F2FF557D100770211 /* SignInUseCase.swift in Sources */,
				6D9C9A8B2FF430D700C8AA09 /* AppUser.swift in Sources */,
				3E15609B2FF02ACB00684C6A /* SignInView.swift in Sources */,
				6D718AC12FF2C4FA009263ED /* Signup_ViewModel.swift in Sources */,
				6D9C9AA22FF4329100C8AA09 /* ShopifyCustomerRepository.swift in Sources */,
				6D9C9AA02FF4326000C8AA09 /* FirebaseAuthRepository.swift in Sources */,
				41B03E8F2FEFCE2A00521C14 /* DrapeApp.swift in Sources */,
				6D9C9A8E2FF4310A00C8AA09 /* AuthRepositoryProtocol.swift in Sources */,
				3E2212A52FF559B200770211 /* SignInViewModel.swift in Sources */,
				6D9C9A922FF4315C00C8AA09 /* TokenStorageProtocol.swift in Sources */,
				6D9C9A952FF4318400C8AA09 /* SignUpUseCase.swift in Sources */,
				6D46B38C2FF600A800586940 /* ShopifyAuthEndpoint.swift in Sources */,
				9F4DDE6A2FF06F4700B9D2F0 /* CustomButton.swift in Sources */,
				3E2212A12FF5581000770211 /* SignInError.swift in Sources */,
				3EFC6E052FEFEF1B002FBB9B /* OnBoardingScreen.swift in Sources */,
				6D9C9A982FF431D200C8AA09 /* SignUpError.swift in Sources */,
				6D9C9A9B2FF431FC00C8AA09 /* KeychainStorage.swift in Sources */,
				6D9C9A9E2FF4323C00C8AA09 /* KeychainTokenStorage.swift in Sources */,
			);
			runOnlyForDeploymentPostprocessing = 0;
		};
		41B03E992FEFCE2F00521C14 /* Sources */ = {
			isa = PBXSourcesBuildPhase;
			buildActionMask = 2147483647;
			files = (
				41B03EA22FEFCE2F00521C14 /* DrapeTests.swift in Sources */,
			);
			runOnlyForDeploymentPostprocessing = 0;
		};
		41B03EA32FEFCE2F00521C14 /* Sources */ = {
			isa = PBXSourcesBuildPhase;
			buildActionMask = 2147483647;
			files = (
				41B03EAC2FEFCE2F00521C14 /* DrapeUITests.swift in Sources */,
				41B03EAE2FEFCE2F00521C14 /* DrapeUITestsLaunchTests.swift in Sources */,
			);
			runOnlyForDeploymentPostprocessing = 0;
		};
/* End PBXSourcesBuildPhase section */

/* Begin PBXTargetDependency section */
		41B03E9F2FEFCE2F00521C14 /* PBXTargetDependency */ = {
			isa = PBXTargetDependency;
			target = 41B03E8A2FEFCE2A00521C14 /* Drape */;
			targetProxy = 41B03E9E2FEFCE2F00521C14 /* PBXContainerItemProxy */;
		};
		41B03EA92FEFCE2F00521C14 /* PBXTargetDependency */ = {
			isa = PBXTargetDependency;
			target = 41B03E8A2FEFCE2A00521C14 /* Drape */;
			targetProxy = 41B03EA82FEFCE2F00521C14 /* PBXContainerItemProxy */;
		};
/* End PBXTargetDependency section */

/* Begin XCBuildConfiguration section */
		41B03EAF2FEFCE2F00521C14 /* Debug */ = {
			isa = XCBuildConfiguration;
			baseConfigurationReference = 6D46B3862FF5FA2000586940 /* Secrets.xcconfig */;
			buildSettings = {
				ALWAYS_SEARCH_USER_PATHS = NO;
				ASSETCATALOG_COMPILER_GENERATE_SWIFT_ASSET_SYMBOL_EXTENSIONS = YES;
				CLANG_ANALYZER_NONNULL = YES;
				CLANG_ANALYZER_NUMBER_OBJECT_CONVERSION = YES_AGGRESSIVE;
				CLANG_CXX_LANGUAGE_STANDARD = "gnu++20";
				CLANG_ENABLE_MODULES = YES;
				CLANG_ENABLE_OBJC_ARC = YES;
				CLANG_ENABLE_OBJC_WEAK = YES;
				CLANG_WARN_BLOCK_CAPTURE_AUTORELEASING = YES;
				CLANG_WARN_BOOL_CONVERSION = YES;
				CLANG_WARN_COMMA = YES;
				CLANG_WARN_CONSTANT_CONVERSION = YES;
				CLANG_WARN_DEPRECATED_OBJC_IMPLEMENTATIONS = YES;
				CLANG_WARN_DIRECT_OBJC_ISA_USAGE = YES_ERROR;
				CLANG_WARN_DOCUMENTATION_COMMENTS = YES;
				CLANG_WARN_EMPTY_BODY = YES;
				CLANG_WARN_ENUM_CONVERSION = YES;
				CLANG_WARN_INFINITE_RECURSION = YES;
				CLANG_WARN_INT_CONVERSION = YES;
				CLANG_WARN_NON_LITERAL_NULL_CONVERSION = YES;
				CLANG_WARN_OBJC_IMPLICIT_RETAIN_SELF = YES;
				CLANG_WARN_OBJC_LITERAL_CONVERSION = YES;
				CLANG_WARN_OBJC_ROOT_CLASS = YES_ERROR;
				CLANG_WARN_QUOTED_INCLUDE_IN_FRAMEWORK_HEADER = YES;
				CLANG_WARN_RANGE_LOOP_ANALYSIS = YES;
				CLANG_WARN_STRICT_PROTOTYPES = YES;
				CLANG_WARN_SUSPICIOUS_MOVE = YES;
				CLANG_WARN_UNGUARDED_AVAILABILITY = YES_AGGRESSIVE;
				CLANG_WARN_UNREACHABLE_CODE = YES;
				CLANG_WARN__DUPLICATE_METHOD_MATCH = YES;
				COPY_PHASE_STRIP = NO;
				DEBUG_INFORMATION_FORMAT = dwarf;
				ENABLE_STRICT_OBJC_MSGSEND = YES;
				ENABLE_TESTABILITY = YES;
				ENABLE_USER_SCRIPT_SANDBOXING = YES;
				GCC_C_LANGUAGE_STANDARD = gnu17;
				GCC_DYNAMIC_NO_PIC = NO;
				GCC_NO_COMMON_BLOCKS = YES;
				GCC_OPTIMIZATION_LEVEL = 0;
				GCC_PREPROCESSOR_DEFINITIONS = (
					"DEBUG=1",
					"$(inherited)",
				);
				GCC_WARN_64_TO_32_BIT_CONVERSION = YES;
				GCC_WARN_ABOUT_RETURN_TYPE = YES_ERROR;
				GCC_WARN_UNDECLARED_SELECTOR = YES;
				GCC_WARN_UNINITIALIZED_AUTOS = YES_AGGRESSIVE;
				GCC_WARN_UNUSED_FUNCTION = YES;
				GCC_WARN_UNUSED_VARIABLE = YES;
				IPHONEOS_DEPLOYMENT_TARGET = 17.5;
				LOCALIZATION_PREFERS_STRING_CATALOGS = YES;
				MTL_ENABLE_DEBUG_INFO = INCLUDE_SOURCE;
				MTL_FAST_MATH = YES;
				ONLY_ACTIVE_ARCH = YES;
				SDKROOT = iphoneos;
				SWIFT_ACTIVE_COMPILATION_CONDITIONS = "DEBUG $(inherited)";
				SWIFT_OPTIMIZATION_LEVEL = "-Onone";
			};
			name = Debug;
		};
		41B03EB02FEFCE2F00521C14 /* Release */ = {
			isa = XCBuildConfiguration;
			baseConfigurationReference = 6D46B3862FF5FA2000586940 /* Secrets.xcconfig */;
			buildSettings = {
				ALWAYS_SEARCH_USER_PATHS = NO;
				ASSETCATALOG_COMPILER_GENERATE_SWIFT_ASSET_SYMBOL_EXTENSIONS = YES;
				CLANG_ANALYZER_NONNULL = YES;
				CLANG_ANALYZER_NUMBER_OBJECT_CONVERSION = YES_AGGRESSIVE;
				CLANG_CXX_LANGUAGE_STANDARD = "gnu++20";
				CLANG_ENABLE_MODULES = YES;
				CLANG_ENABLE_OBJC_ARC = YES;
				CLANG_ENABLE_OBJC_WEAK = YES;
				CLANG_WARN_BLOCK_CAPTURE_AUTORELEASING = YES;
				CLANG_WARN_BOOL_CONVERSION = YES;
				CLANG_WARN_COMMA = YES;
				CLANG_WARN_CONSTANT_CONVERSION = YES;
				CLANG_WARN_DEPRECATED_OBJC_IMPLEMENTATIONS = YES;
				CLANG_WARN_DIRECT_OBJC_ISA_USAGE = YES_ERROR;
				CLANG_WARN_DOCUMENTATION_COMMENTS = YES;
				CLANG_WARN_EMPTY_BODY = YES;
				CLANG_WARN_ENUM_CONVERSION = YES;
				CLANG_WARN_INFINITE_RECURSION = YES;
				CLANG_WARN_INT_CONVERSION = YES;
				CLANG_WARN_NON_LITERAL_NULL_CONVERSION = YES;
				CLANG_WARN_OBJC_IMPLICIT_RETAIN_SELF = YES;
				CLANG_WARN_OBJC_LITERAL_CONVERSION = YES;
				CLANG_WARN_OBJC_ROOT_CLASS = YES_ERROR;
				CLANG_WARN_QUOTED_INCLUDE_IN_FRAMEWORK_HEADER = YES;
				CLANG_WARN_RANGE_LOOP_ANALYSIS = YES;
				CLANG_WARN_STRICT_PROTOTYPES = YES;
				CLANG_WARN_SUSPICIOUS_MOVE = YES;
				CLANG_WARN_UNGUARDED_AVAILABILITY = YES_AGGRESSIVE;
				CLANG_WARN_UNREACHABLE_CODE = YES;
				CLANG_WARN__DUPLICATE_METHOD_MATCH = YES;
				COPY_PHASE_STRIP = NO;
				DEBUG_INFORMATION_FORMAT = "dwarf-with-dsym";
				ENABLE_NS_ASSERTIONS = NO;
				ENABLE_STRICT_OBJC_MSGSEND = YES;
				ENABLE_USER_SCRIPT_SANDBOXING = YES;
				GCC_C_LANGUAGE_STANDARD = gnu17;
				GCC_NO_COMMON_BLOCKS = YES;
				GCC_WARN_64_TO_32_BIT_CONVERSION = YES;
				GCC_WARN_ABOUT_RETURN_TYPE = YES_ERROR;
				GCC_WARN_UNDECLARED_SELECTOR = YES;
				GCC_WARN_UNINITIALIZED_AUTOS = YES_AGGRESSIVE;
				GCC_WARN_UNUSED_FUNCTION = YES;
				GCC_WARN_UNUSED_VARIABLE = YES;
				IPHONEOS_DEPLOYMENT_TARGET = 17.5;
				LOCALIZATION_PREFERS_STRING_CATALOGS = YES;
				MTL_ENABLE_DEBUG_INFO = NO;
				MTL_FAST_MATH = YES;
				SDKROOT = iphoneos;
				SWIFT_COMPILATION_MODE = wholemodule;
				VALIDATE_PRODUCT = YES;
			};
			name = Release;
		};
		41B03EB22FEFCE2F00521C14 /* Debug */ = {
			isa = XCBuildConfiguration;
			baseConfigurationReference = 6D46B3862FF5FA2000586940 /* Secrets.xcconfig */;
			buildSettings = {
				ASSETCATALOG_COMPILER_APPICON_NAME = AppIcon;
				ASSETCATALOG_COMPILER_GLOBAL_ACCENT_COLOR_NAME = AccentColor;
				CODE_SIGN_STYLE = Automatic;
				CURRENT_PROJECT_VERSION = 1;
				DEVELOPMENT_ASSET_PATHS = "\"Drape/Preview Content\"";
				ENABLE_PREVIEWS = YES;
				GENERATE_INFOPLIST_FILE = YES;
				INFOPLIST_FILE = Drape/Info.plist;
				INFOPLIST_KEY_UIApplicationSceneManifest_Generation = YES;
				INFOPLIST_KEY_UIApplicationSupportsIndirectInputEvents = YES;
				INFOPLIST_KEY_UILaunchScreen_Generation = YES;
				INFOPLIST_KEY_UISupportedInterfaceOrientations_iPad = "UIInterfaceOrientationPortrait UIInterfaceOrientationPortraitUpsideDown UIInterfaceOrientationLandscapeLeft UIInterfaceOrientationLandscapeRight";
				INFOPLIST_KEY_UISupportedInterfaceOrientations_iPhone = "UIInterfaceOrientationPortrait UIInterfaceOrientationLandscapeLeft UIInterfaceOrientationLandscapeRight";
				LD_RUNPATH_SEARCH_PATHS = (
					"$(inherited)",
					"@executable_path/Frameworks",
				);
				MARKETING_VERSION = 1.0;
				PRODUCT_BUNDLE_IDENTIFIER = com.moaz.Drape;
				PRODUCT_NAME = "$(TARGET_NAME)";
				SWIFT_EMIT_LOC_STRINGS = YES;
				SWIFT_VERSION = 5.0;
				TARGETED_DEVICE_FAMILY = "1,2";
			};
			name = Debug;
		};
		41B03EB32FEFCE2F00521C14 /* Release */ = {
			isa = XCBuildConfiguration;
			baseConfigurationReference = 6D46B3862FF5FA2000586940 /* Secrets.xcconfig */;
			buildSettings = {
				ASSETCATALOG_COMPILER_APPICON_NAME = AppIcon;
				ASSETCATALOG_COMPILER_GLOBAL_ACCENT_COLOR_NAME = AccentColor;
				CODE_SIGN_STYLE = Automatic;
				CURRENT_PROJECT_VERSION = 1;
				DEVELOPMENT_ASSET_PATHS = "\"Drape/Preview Content\"";
				ENABLE_PREVIEWS = YES;
				GENERATE_INFOPLIST_FILE = YES;
				INFOPLIST_FILE = Drape/Info.plist;
				INFOPLIST_KEY_UIApplicationSceneManifest_Generation = YES;
				INFOPLIST_KEY_UIApplicationSupportsIndirectInputEvents = YES;
				INFOPLIST_KEY_UILaunchScreen_Generation = YES;
				INFOPLIST_KEY_UISupportedInterfaceOrientations_iPad = "UIInterfaceOrientationPortrait UIInterfaceOrientationPortraitUpsideDown UIInterfaceOrientationLandscapeLeft UIInterfaceOrientationLandscapeRight";
				INFOPLIST_KEY_UISupportedInterfaceOrientations_iPhone = "UIInterfaceOrientationPortrait UIInterfaceOrientationLandscapeLeft UIInterfaceOrientationLandscapeRight";
				LD_RUNPATH_SEARCH_PATHS = (
					"$(inherited)",
					"@executable_path/Frameworks",
				);
				MARKETING_VERSION = 1.0;
				PRODUCT_BUNDLE_IDENTIFIER = com.moaz.Drape;
				PRODUCT_NAME = "$(TARGET_NAME)";
				SWIFT_EMIT_LOC_STRINGS = YES;
				SWIFT_VERSION = 5.0;
				TARGETED_DEVICE_FAMILY = "1,2";
			};
			name = Release;
		};
		41B03EB52FEFCE2F00521C14 /* Debug */ = {
			isa = XCBuildConfiguration;
			baseConfigurationReference = 6D46B3862FF5FA2000586940 /* Secrets.xcconfig */;
			buildSettings = {
				ALWAYS_EMBED_SWIFT_STANDARD_LIBRARIES = YES;
				BUNDLE_LOADER = "$(TEST_HOST)";
				CODE_SIGN_STYLE = Automatic;
				CURRENT_PROJECT_VERSION = 1;
				GENERATE_INFOPLIST_FILE = YES;
				IPHONEOS_DEPLOYMENT_TARGET = 17.5;
				MARKETING_VERSION = 1.0;
				PRODUCT_BUNDLE_IDENTIFIER = com.moaz.DrapeTests;
				PRODUCT_NAME = "$(TARGET_NAME)";
				SWIFT_EMIT_LOC_STRINGS = NO;
				SWIFT_VERSION = 5.0;
				TARGETED_DEVICE_FAMILY = "1,2";
				TEST_HOST = "$(BUILT_PRODUCTS_DIR)/Drape.app/$(BUNDLE_EXECUTABLE_FOLDER_PATH)/Drape";
			};
			name = Debug;
		};
		41B03EB62FEFCE2F00521C14 /* Release */ = {
			isa = XCBuildConfiguration;
			baseConfigurationReference = 6D46B3862FF5FA2000586940 /* Secrets.xcconfig */;
			buildSettings = {
				ALWAYS_EMBED_SWIFT_STANDARD_LIBRARIES = YES;
				BUNDLE_LOADER = "$(TEST_HOST)";
				CODE_SIGN_STYLE = Automatic;
				CURRENT_PROJECT_VERSION = 1;
				GENERATE_INFOPLIST_FILE = YES;
				IPHONEOS_DEPLOYMENT_TARGET = 17.5;
				MARKETING_VERSION = 1.0;
				PRODUCT_BUNDLE_IDENTIFIER = com.moaz.DrapeTests;
				PRODUCT_NAME = "$(TARGET_NAME)";
				SWIFT_EMIT_LOC_STRINGS = NO;
				SWIFT_VERSION = 5.0;
				TARGETED_DEVICE_FAMILY = "1,2";
				TEST_HOST = "$(BUILT_PRODUCTS_DIR)/Drape.app/$(BUNDLE_EXECUTABLE_FOLDER_PATH)/Drape";
			};
			name = Release;
		};
		41B03EB82FEFCE2F00521C14 /* Debug */ = {
			isa = XCBuildConfiguration;
			baseConfigurationReference = 6D46B3862FF5FA2000586940 /* Secrets.xcconfig */;
			buildSettings = {
				ALWAYS_EMBED_SWIFT_STANDARD_LIBRARIES = YES;
				CODE_SIGN_STYLE = Automatic;
				CURRENT_PROJECT_VERSION = 1;
				GENERATE_INFOPLIST_FILE = YES;
				MARKETING_VERSION = 1.0;
				PRODUCT_BUNDLE_IDENTIFIER = com.moaz.DrapeUITests;
				PRODUCT_NAME = "$(TARGET_NAME)";
				SWIFT_EMIT_LOC_STRINGS = NO;
				SWIFT_VERSION = 5.0;
				TARGETED_DEVICE_FAMILY = "1,2";
				TEST_TARGET_NAME = Drape;
			};
			name = Debug;
		};
		41B03EB92FEFCE2F00521C14 /* Release */ = {
			isa = XCBuildConfiguration;
			baseConfigurationReference = 6D46B3862FF5FA2000586940 /* Secrets.xcconfig */;
			buildSettings = {
				ALWAYS_EMBED_SWIFT_STANDARD_LIBRARIES = YES;
				CODE_SIGN_STYLE = Automatic;
				CURRENT_PROJECT_VERSION = 1;
				GENERATE_INFOPLIST_FILE = YES;
				MARKETING_VERSION = 1.0;
				PRODUCT_BUNDLE_IDENTIFIER = com.moaz.DrapeUITests;
				PRODUCT_NAME = "$(TARGET_NAME)";
				SWIFT_EMIT_LOC_STRINGS = NO;
				SWIFT_VERSION = 5.0;
				TARGETED_DEVICE_FAMILY = "1,2";
				TEST_TARGET_NAME = Drape;
			};
			name = Release;
		};
/* End XCBuildConfiguration section */

/* Begin XCConfigurationList section */
		41B03E862FEFCE2A00521C14 /* Build configuration list for PBXProject "Drape" */ = {
			isa = XCConfigurationList;
			buildConfigurations = (
				41B03EAF2FEFCE2F00521C14 /* Debug */,
				41B03EB02FEFCE2F00521C14 /* Release */,
			);
			defaultConfigurationIsVisible = 0;
			defaultConfigurationName = Release;
		};
		41B03EB12FEFCE2F00521C14 /* Build configuration list for PBXNativeTarget "Drape" */ = {
			isa = XCConfigurationList;
			buildConfigurations = (
				41B03EB22FEFCE2F00521C14 /* Debug */,
				41B03EB32FEFCE2F00521C14 /* Release */,
			);
			defaultConfigurationIsVisible = 0;
			defaultConfigurationName = Release;
		};
		41B03EB42FEFCE2F00521C14 /* Build configuration list for PBXNativeTarget "DrapeTests" */ = {
			isa = XCConfigurationList;
			buildConfigurations = (
				41B03EB52FEFCE2F00521C14 /* Debug */,
				41B03EB62FEFCE2F00521C14 /* Release */,
			);
			defaultConfigurationIsVisible = 0;
			defaultConfigurationName = Release;
		};
		41B03EB72FEFCE2F00521C14 /* Build configuration list for PBXNativeTarget "DrapeUITests" */ = {
			isa = XCConfigurationList;
			buildConfigurations = (
				41B03EB82FEFCE2F00521C14 /* Debug */,
				41B03EB92FEFCE2F00521C14 /* Release */,
			);
			defaultConfigurationIsVisible = 0;
			defaultConfigurationName = Release;
		};
/* End XCConfigurationList section */

/* Begin XCRemoteSwiftPackageReference section */
		41B03EBA2FEFD2C300521C14 /* XCRemoteSwiftPackageReference "Alamofire" */ = {
			isa = XCRemoteSwiftPackageReference;
			repositoryURL = "https://github.com/Alamofire/Alamofire.git";
			requirement = {
				kind = exactVersion;
				version = 5.1.0;
			};
		};
		6D9ABED12FF4117700C60D08 /* XCRemoteSwiftPackageReference "firebase-ios-sdk" */ = {
			isa = XCRemoteSwiftPackageReference;
			repositoryURL = "https://github.com/firebase/firebase-ios-sdk";
			requirement = {
				kind = upToNextMajorVersion;
				minimumVersion = 12.14.0;
			};
		};
/* End XCRemoteSwiftPackageReference section */

/* Begin XCSwiftPackageProductDependency section */
		6D9ABED22FF4117700C60D08 /* FirebaseAuth */ = {
			isa = XCSwiftPackageProductDependency;
			package = 6D9ABED12FF4117700C60D08 /* XCRemoteSwiftPackageReference "firebase-ios-sdk" */;
			productName = FirebaseAuth;
		};
		6D9ABED42FF4117700C60D08 /* FirebaseFunctions */ = {
			isa = XCSwiftPackageProductDependency;
			package = 6D9ABED12FF4117700C60D08 /* XCRemoteSwiftPackageReference "firebase-ios-sdk" */;
			productName = FirebaseFunctions;
		};
/* End XCSwiftPackageProductDependency section */
	};
	rootObject = 41B03E832FEFCE2A00521C14 /* Project object */;
}
